
Microsoft Visual Studio Solution File, Format Version 12.00
# Visual Studio 14
VisualStudioVersion = 14.0.25420.1
MinimumVisualStudioVersion = 10.0.40219.1
Project("{FAE04EC0-301F-11D3-BF4B-00C04F79EFBC}") = "MVCDemo", "MVCDemo\MVCDemo.csproj", "{609E7D11-6279-4738-AD40-A09AE8DC9FAD}"
EndProject
Project("{FAE04EC0-301F-11D3-BF4B-00C04F79EFBC}") = "TestWebApplication", "TestWebApplication\TestWebApplication.csproj", "{9B88FC43-6567-411A-AF52-08F69F785B33}"
EndProject
Project("{FAE04EC0-301F-11D3-BF4B-00C04F79EFBC}") = "ExtensionMethodLib", "ExtensionMethodLib\ExtensionMethodLib.csproj", "{FEC61BD7-1482-4F06-9448-189F2358C344}"
EndProject
Project("{FAE04EC0-301F-11D3-BF4B-00C04F79EFBC}") = "ExtensionMethodDemo", "ExtensionMethodDemo\ExtensionMethodDemo.csproj", "{CD59282A-B84A-47EC-A171-EBAF8B9415FC}"
EndProject
Project("{FAE04EC0-301F-11D3-BF4B-00C04F79EFBC}") = "LazyLoadingDemo", "LazyLoadingDemo\LazyLoadingDemo.csproj", "{341750A8-5D83-43F5-95EB-4BBAB3B448C9}"
EndProject
Project("{FAE04EC0-301F-11D3-BF4B-00C04F79EFBC}") = "LazyLoadingMVCDemo", "LazyLoadingMVCDemo\LazyLoadingMVCDemo.csproj", "{8561AAE3-0650-46BB-9B3E-0F754C00B516}"
EndProject
Project("{FAE04EC0-301F-11D3-BF4B-00C04F79EFBC}") = "LazyLoading_Customer", "LazyLoading_Customer\LazyLoading_Customer.csproj", "{368450B1-2EC2-4C66-A351-A6882B470708}"
EndProject
Project("{FAE04EC0-301F-11D3-BF4B-00C04F79EFBC}") = "ProductsApp", "ProductsApp\ProductsApp.csproj", "{A942BF50-92B8-4726-B439-2283DFC03128}"
EndProject
Project("{FAE04EC0-301F-11D3-BF4B-00C04F79EFBC}") = "BookService", "BookService\BookService.csproj", "{759F07B5-7F4E-4F84-A666-4254D5BEB0FA}"
EndProject
Project("{FAE04EC0-301F-11D3-BF4B-00C04F79EFBC}") = "EmployeeService", "EmployeeService\EmployeeService.csproj", "{526D189D-44A0-4A3C-AB20-E3CEF665C794}"
EndProject
Project("{FAE04EC0-301F-11D3-BF4B-00C04F79EFBC}") = "EmployeeDataAccess", "EmployeeDataAccess\EmployeeDataAccess.csproj", "{2A38D698-1BD0-42C1-BD73-58F8F17B3F27}"
EndProject
Project("{FAE04EC0-301F-11D3-BF4B-00C04F79EFBC}") = "WebApiDemo", "WebApiDemo\WebApiDemo.csproj", "{0F417112-CA04-4E73-B3F9-EA81BDB9869C}"
EndProject
Project("{FAE04EC0-301F-11D3-BF4B-00C04F79EFBC}") = "ClientEmployeeServiceApplication", "ClientEmployeeServiceApplication\ClientEmployeeServiceApplication.csproj", "{CDB6773F-E603-4821-8CA9-9553886EA9E4}"
EndProject
Project("{FAE04EC0-301F-11D3-BF4B-00C04F79EFBC}") = "WebApiRoutingDemo", "WebApiRoutingDemo\WebApiRoutingDemo.csproj", "{F07E05FF-1A00-458A-B37C-968EBE16298A}"
EndProject
Project("{FAE04EC0-301F-11D3-BF4B-00C04F79EFBC}") = "PartialViewMVCDemo", "PartialViewMVCDemo\PartialViewMVCDemo.csproj", "{F7930AE7-1D9C-40B7-AFB2-B64C04D00645}"
EndProject
Project("{FAE04EC0-301F-11D3-BF4B-00C04F79EFBC}") = "MVCWebDemo", "MVCWebDemo\MVCWebDemo.csproj", "{222DE907-5CAE-4526-9290-ABF8861A16D3}"
EndProject
Project("{FAE04EC0-301F-11D3-BF4B-00C04F79EFBC}") = "MvcWebApiDemo", "MvcWebApiDemo\MvcWebApiDemo.csproj", "{F86221FE-5729-49E3-B868-2143F3804D03}"
EndProject
Project("{FAE04EC0-301F-11D3-BF4B-00C04F79EFBC}") = "LinqDemo", "LinqDemo\LinqDemo.csproj", "{EF0EE4EE-D416-4BD5-854B-BF5388F88DCE}"
EndProject
Project("{FAE04EC0-301F-11D3-BF4B-00C04F79EFBC}") = "DesignPatternDemo", "DesignPatternDemo\DesignPatternDemo.csproj", "{8BCC835E-C0C3-4C83-97EE-214E8677782C}"
EndProject
Project("{FAE04EC0-301F-11D3-BF4B-00C04F79EFBC}") = "TestConsole", "TestConsole\TestConsole.csproj", "{418477A0-6936-4059-8055-BCEF1856DA40}"
EndProject
Project("{FAE04EC0-301F-11D3-BF4B-00C04F79EFBC}") = "ThreadDemo", "ThreadDemo\ThreadDemo.csproj", "{7E0627FD-34F8-475B-9016-5E3F23586941}"
EndProject
Project("{FAE04EC0-301F-11D3-BF4B-00C04F79EFBC}") = "ReflectionDemo", "ReflectionDemo\ReflectionDemo.csproj", "{75523C80-8055-4C51-AB97-6AD52618D2CF}"
EndProject
Project("{FAE04EC0-301F-11D3-BF4B-00C04F79EFBC}") = "ConstructorDemo", "ConstructorDemo\ConstructorDemo.csproj", "{4F4F4447-F2F4-4BBC-B7B7-5F92CBB17FB4}"
EndProject
Project("{FAE04EC0-301F-11D3-BF4B-00C04F79EFBC}") = "IQuerableDemo", "IQuerableDemo\IQuerableDemo.csproj", "{1D547B64-C2DC-40AF-BA92-5B017F2F4F1C}"
EndProject
Project("{FAE04EC0-301F-11D3-BF4B-00C04F79EFBC}") = "AspNetMVCFilter", "AspNetMVCFilter\AspNetMVCFilter.csproj", "{E4310978-9F7C-4523-9656-D06C96F124D8}"
EndProject
Project("{FAE04EC0-301F-11D3-BF4B-00C04F79EFBC}") = "SecurityDemo", "SecurityDemo\SecurityDemo.csproj", "{96E91EFE-E752-437A-945E-F5E682D47776}"
EndProject
Project("{FAE04EC0-301F-11D3-BF4B-00C04F79EFBC}") = "HttpClientSample", "HttpClientSample\HttpClientSample.csproj", "{332F816F-F330-4F00-8C24-236737FE3733}"
EndProject
Project("{FAE04EC0-301F-11D3-BF4B-00C04F79EFBC}") = "DelegateDemo", "DelegateDemo\DelegateDemo.csproj", "{5E524856-8DD8-4053-950A-833AE599B3A0}"
EndProject
Project("{FAE04EC0-301F-11D3-BF4B-00C04F79EFBC}") = "SolidDesignPatternsDemo", "SolidDesignPatternsDemo\SolidDesignPatternsDemo.csproj", "{612BEBB1-983D-4225-ABBA-45D294BBFD21}"
EndProject
Project("{FAE04EC0-301F-11D3-BF4B-00C04F79EFBC}") = "OpenClosedSolidPrincipleDemo", "OpenClosedSolidPrincipleDemo\OpenClosedSolidPrincipleDemo.csproj", "{1ADD2689-2D5B-4758-99D0-66BBA6421AFC}"
EndProject
Project("{FAE04EC0-301F-11D3-BF4B-00C04F79EFBC}") = "OCPLibrary", "OCPLibrary\OCPLibrary.csproj", "{3A49AC42-8063-4340-81E6-B6681ABAA2F8}"
EndProject
Project("{FAE04EC0-301F-11D3-BF4B-00C04F79EFBC}") = "LSPUI", "LSPUI\LSPUI.csproj", "{7080BFE1-E8F1-4E79-88C1-E19961EAA311}"
EndProject
Project("{FAE04EC0-301F-11D3-BF4B-00C04F79EFBC}") = "LSPLibrary", "LSPLibrary\LSPLibrary.csproj", "{AA674BD4-877A-4515-BB31-EBBC86A75F02}"
EndProject
Project("{FAE04EC0-301F-11D3-BF4B-00C04F79EFBC}") = "FactoryMethodDesignPattern", "FactoryMethodDesignPattern\FactoryMethodDesignPattern.csproj", "{9F36C6C0-C1BB-43FB-9DCC-56C68256D2F0}"
EndProject
Project("{FAE04EC0-301F-11D3-BF4B-00C04F79EFBC}") = "AbstractFactoryDesignPattern", "AbstractFactoryDesignPattern\AbstractFactoryDesignPattern.csproj", "{24F4CEA9-EA79-44A5-9DC2-9F48FC44B81B}"
EndProject
Project("{FAE04EC0-301F-11D3-BF4B-00C04F79EFBC}") = "ReflectionExample", "ReflectionExample\ReflectionExample.csproj", "{A4D03DCA-B3CD-4B9A-B05A-9FAA1775BEEB}"
EndProject
Project("{FAE04EC0-301F-11D3-BF4B-00C04F79EFBC}") = "CustomHttpHandler", "CustomHttpHandler\CustomHttpHandler.csproj", "{D90FF532-FEEF-4E04-B26F-06F1BE02F970}"
EndProject
Project("{FAE04EC0-301F-11D3-BF4B-00C04F79EFBC}") = "CustomHttpModule", "CustomHttpModule\CustomHttpModule.csproj", "{65131673-0AF6-4AEE-8D2F-89DC5367A0D8}"
EndProject
Project("{FAE04EC0-301F-11D3-BF4B-00C04F79EFBC}") = "PageLifeCycleDemo", "PageLifeCycleDemo\PageLifeCycleDemo.csproj", "{46DB800E-A75D-459A-8609-4A31113707D7}"
EndProject
Project("{FAE04EC0-301F-11D3-BF4B-00C04F79EFBC}") = "DIPDemo", "DIPDemo\DIPDemo.csproj", "{6BD78BDA-20BE-41D0-ABE8-317A5AFAD513}"
EndProject
Project("{FAE04EC0-301F-11D3-BF4B-00C04F79EFBC}") = "LSPDemo", "LSPDemo\LSPDemo.csproj", "{C9A9EE63-5B52-450D-85CF-7F7B2E30DEA1}"
EndProject
Project("{FAE04EC0-301F-11D3-BF4B-00C04F79EFBC}") = "OCPDemo", "OCPDemo\OCPDemo.csproj", "{4144D2B2-6B1E-481A-9971-72A32BAE733E}"
EndProject
Project("{FAE04EC0-301F-11D3-BF4B-00C04F79EFBC}") = "AbstractFactoryDesignPatternDemo", "AbstractFactoryDesignPatternDemo\AbstractFactoryDesignPatternDemo.csproj", "{7FC00A46-A0F7-4B53-97C3-05C38B82A3C7}"
EndProject
Project("{FAE04EC0-301F-11D3-BF4B-00C04F79EFBC}") = "AbstractFactoryPackageAndDeliveryDemo", "AbstractFactoryPackageAndDeliveryDemo\AbstractFactoryPackageAndDeliveryDemo.csproj", "{78A5FC73-011F-485F-A038-4B90274A7F38}"
EndProject
Project("{FAE04EC0-301F-11D3-BF4B-00C04F79EFBC}") = "AbstractFactoryDesignPatternPhoneDemo", "AbstractFactoryDesignPatternPhoneDemo\AbstractFactoryDesignPatternPhoneDemo.csproj", "{A833591A-4EBB-4E70-B267-704BCBA1E68C}"
EndProject
Project("{FAE04EC0-301F-11D3-BF4B-00C04F79EFBC}") = "FactoryMethodDesignCardDemo", "FactoryMethodDesignCardDemo\FactoryMethodDesignCardDemo.csproj", "{DA6B3A0B-93F1-44D2-9DDA-9592381BEC86}"
EndProject
Project("{FAE04EC0-301F-11D3-BF4B-00C04F79EFBC}") = "PrototypeDesignDemo", "PrototypeDesignDemo\PrototypeDesignDemo.csproj", "{A9604968-5108-4008-AC63-A1FBEB80CC8C}"
EndProject
Project("{FAE04EC0-301F-11D3-BF4B-00C04F79EFBC}") = "PrototypeCopyCloneDemo", "PrototypeCopyCloneDemo\PrototypeCopyCloneDemo.csproj", "{C5BDBECF-2B78-4210-A8F2-0117F4068E7F}"
EndProject
Project("{FAE04EC0-301F-11D3-BF4B-00C04F79EFBC}") = "PrototypeDesignInvitationCardDemo", "PrototypeDesignInvitationCardDemo\PrototypeDesignInvitationCardDemo.csproj", "{7E18B006-4A6F-4676-ADF3-9F938A3F51A9}"
EndProject
Project("{FAE04EC0-301F-11D3-BF4B-00C04F79EFBC}") = "IterationDemoCS", "IterationDemoCS\IterationDemoCS.csproj", "{AE705ED3-56D3-4698-8188-787A93EBBE73}"
EndProject
Project("{FAE04EC0-301F-11D3-BF4B-00C04F79EFBC}") = "DeepAndShalowCopyDemo", "DeepAndShalowCopyDemo\DeepAndShalowCopyDemo.csproj", "{12B26EED-437D-43A5-9923-6774F4506E84}"
EndProject
Project("{FAE04EC0-301F-11D3-BF4B-00C04F79EFBC}") = "SingletonPatternDemo", "SingletonPatternDemo\SingletonPatternDemo.csproj", "{6C735C8A-C1B4-4F28-B04D-A37B35FFE079}"
EndProject
Project("{FAE04EC0-301F-11D3-BF4B-00C04F79EFBC}") = "SingletonDemo", "SingletonDemo\SingletonDemo.csproj", "{E614C936-6533-4A8D-B5B2-51D2C03810E1}"
EndProject
Project("{FAE04EC0-301F-11D3-BF4B-00C04F79EFBC}") = "DependencyInjectionDemo", "DependencyInjectionDemo\DependencyInjectionDemo.csproj", "{E5F5438C-481A-4E6C-9CFA-0F1BF9661985}"
EndProject
Project("{2150E333-8FDC-42A3-9474-1A3956D46DE8}") = "DependencyInjectionUnityContainer", "DependencyInjectionUnityContainer", "{4633967C-CECA-4AAF-AEB4-A81C0AA97C18}"
EndProject
Project("{FAE04EC0-301F-11D3-BF4B-00C04F79EFBC}") = "MVCUsingUnityContainer", "MVCUsingUnityContainer\MVCUsingUnityContainer.csproj", "{51B1B4BA-D579-4427-8036-66C9610346D5}"
EndProject
Project("{FAE04EC0-301F-11D3-BF4B-00C04F79EFBC}") = "EntitiesCL", "EntitiesCL\EntitiesCL.csproj", "{898F5E44-0059-45B3-A845-CF81C6EC7224}"
EndProject
Project("{FAE04EC0-301F-11D3-BF4B-00C04F79EFBC}") = "ServicesCL", "ServicesCL\ServicesCL.csproj", "{788D8905-55A3-48BD-817D-5EBAA4901E19}"
EndProject
Project("{2150E333-8FDC-42A3-9474-1A3956D46DE8}") = "RepositoryPattern", "RepositoryPattern", "{1619940C-EB3E-4FAA-A4BF-B6E6373D8EA7}"
EndProject
Project("{FAE04EC0-301F-11D3-BF4B-00C04F79EFBC}") = "RepositoryUsingEFinMVC", "RepositoryUsingEFinMVC\RepositoryUsingEFinMVC.csproj", "{C7369422-C28A-4389-86DB-0DEDBF159056}"
EndProject
Project("{2150E333-8FDC-42A3-9474-1A3956D46DE8}") = "UnityOfWorkRepositoryPattern", "UnityOfWorkRepositoryPattern", "{05DE1911-5D17-4310-91AA-DC2C76099620}"
EndProject
Project("{FAE04EC0-301F-11D3-BF4B-00C04F79EFBC}") = "UnitOfWorkRepositoryPattern", "UnitOfWorkRepositoryPattern\UnitOfWorkRepositoryPattern.csproj", "{3938472E-1C31-4F6F-9E3B-7452ED3802B2}"
EndProject
Project("{2150E333-8FDC-42A3-9474-1A3956D46DE8}") = "FactoryPattern", "FactoryPattern", "{9F945421-7A84-455D-BAAB-B1BFA7E84107}"
EndProject
Project("{FAE04EC0-301F-11D3-BF4B-00C04F79EFBC}") = "SimpleFactoryPattern", "SimpleFactoryPattern\SimpleFactoryPattern.csproj", "{A8B3AEB3-94CD-457D-8A9E-DB75E1D0E588}"
EndProject
Project("{FAE04EC0-301F-11D3-BF4B-00C04F79EFBC}") = "FactoryPattern", "FactoryPattern\FactoryPattern.csproj", "{32076338-6AFA-4283-8D4E-9C2334CAF4E3}"
EndProject
Project("{FAE04EC0-301F-11D3-BF4B-00C04F79EFBC}") = "FactoryMethodCardPattern", "FactoryMethodCardPattern\FactoryMethodCardPattern.csproj", "{67D9FFC3-A8F2-4C10-B807-BDE1A57C0CCF}"
EndProject
Project("{FAE04EC0-301F-11D3-BF4B-00C04F79EFBC}") = "AbstractFactoryDesignMobile", "AbstractFactoryDesignMobile\AbstractFactoryDesignMobile.csproj", "{D57F3F0D-B057-435A-A5F9-FC78D66F1C92}"
EndProject
Project("{FAE04EC0-301F-11D3-BF4B-00C04F79EFBC}") = "AbstractFactoryEmployeeDemo", "AbstractFactoryEmployeeDemo\AbstractFactoryEmployeeDemo.csproj", "{039833C7-9522-47F2-BC07-B2AB5204615E}"
EndProject
Project("{2150E333-8FDC-42A3-9474-1A3956D46DE8}") = "WebAPIHosting", "WebAPIHosting", "{505D6C25-B940-47BA-9550-D4E62789287E}"
EndProject
Project("{FAE04EC0-301F-11D3-BF4B-00C04F79EFBC}") = "WebApiSelfHosting", "WebApiSelfHosting\WebApiSelfHosting.csproj", "{0A07A9C3-CD30-485C-A2F1-322FC9CC4F9D}"
EndProject
Project("{FAE04EC0-301F-11D3-BF4B-00C04F79EFBC}") = "TestConsoleApp", "TestConsoleApp\TestConsoleApp.csproj", "{8748C078-B9A1-491C-A70D-55A6330C06D4}"
EndProject
Project("{FAE04EC0-301F-11D3-BF4B-00C04F79EFBC}") = "BinaryFileOp", "BinaryFileOp\BinaryFileOp.csproj", "{6D59B026-7A4D-4C21-8D92-1DC1E5940680}"
EndProject
Project("{FAE04EC0-301F-11D3-BF4B-00C04F79EFBC}") = "CSConcept", "CSConcept\CSConcept.csproj", "{7CEE9E63-A6AE-4A03-BEB0-4A2ABCA466DD}"
EndProject
Project("{FAE04EC0-301F-11D3-BF4B-00C04F79EFBC}") = "RoutingInWebDemo", "RoutingInWebDemo\RoutingInWebDemo.csproj", "{9829CD83-9168-4978-A63F-17D38715978E}"
EndProject
Project("{FAE04EC0-301F-11D3-BF4B-00C04F79EFBC}") = "ImportExcelToSQLServerDemo", "ImportExcelToSQLServerDemo\ImportExcelToSQLServerDemo.csproj", "{D85D6D13-0393-4FC9-9114-C658F36C00EE}"
EndProject
Project("{FAE04EC0-301F-11D3-BF4B-00C04F79EFBC}") = "ExcelImportWebAppDemo", "ExcelImportWebAppDemo\ExcelImportWebAppDemo.csproj", "{559FEDC6-036F-486C-B99D-B0CFA32D3525}"
EndProject
Global
	GlobalSection(SolutionConfigurationPlatforms) = preSolution
		Debug|Any CPU = Debug|Any CPU
		Debug|x64 = Debug|x64
		Debug|x86 = Debug|x86
		Release|Any CPU = Release|Any CPU
		Release|x64 = Release|x64
		Release|x86 = Release|x86
	EndGlobalSection
	GlobalSection(ProjectConfigurationPlatforms) = postSolution
		{609E7D11-6279-4738-AD40-A09AE8DC9FAD}.Debug|Any CPU.ActiveCfg = Debug|Any CPU
		{609E7D11-6279-4738-AD40-A09AE8DC9FAD}.Debug|Any CPU.Build.0 = Debug|Any CPU
		{609E7D11-6279-4738-AD40-A09AE8DC9FAD}.Debug|x64.ActiveCfg = Debug|Any CPU
		{609E7D11-6279-4738-AD40-A09AE8DC9FAD}.Debug|x64.Build.0 = Debug|Any CPU
		{609E7D11-6279-4738-AD40-A09AE8DC9FAD}.Debug|x86.ActiveCfg = Debug|Any CPU
		{609E7D11-6279-4738-AD40-A09AE8DC9FAD}.Debug|x86.Build.0 = Debug|Any CPU
		{609E7D11-6279-4738-AD40-A09AE8DC9FAD}.Release|Any CPU.ActiveCfg = Release|Any CPU
		{609E7D11-6279-4738-AD40-A09AE8DC9FAD}.Release|Any CPU.Build.0 = Release|Any CPU
		{609E7D11-6279-4738-AD40-A09AE8DC9FAD}.Release|x64.ActiveCfg = Release|Any CPU
		{609E7D11-6279-4738-AD40-A09AE8DC9FAD}.Release|x64.Build.0 = Release|Any CPU
		{609E7D11-6279-4738-AD40-A09AE8DC9FAD}.Release|x86.ActiveCfg = Release|Any CPU
		{609E7D11-6279-4738-AD40-A09AE8DC9FAD}.Release|x86.Build.0 = Release|Any CPU
		{9B88FC43-6567-411A-AF52-08F69F785B33}.Debug|Any CPU.ActiveCfg = Debug|Any CPU
		{9B88FC43-6567-411A-AF52-08F69F785B33}.Debug|Any CPU.Build.0 = Debug|Any CPU
		{9B88FC43-6567-411A-AF52-08F69F785B33}.Debug|x64.ActiveCfg = Debug|Any CPU
		{9B88FC43-6567-411A-AF52-08F69F785B33}.Debug|x64.Build.0 = Debug|Any CPU
		{9B88FC43-6567-411A-AF52-08F69F785B33}.Debug|x86.ActiveCfg = Debug|Any CPU
		{9B88FC43-6567-411A-AF52-08F69F785B33}.Debug|x86.Build.0 = Debug|Any CPU
		{9B88FC43-6567-411A-AF52-08F69F785B33}.Release|Any CPU.ActiveCfg = Release|Any CPU
		{9B88FC43-6567-411A-AF52-08F69F785B33}.Release|Any CPU.Build.0 = Release|Any CPU
		{9B88FC43-6567-411A-AF52-08F69F785B33}.Release|x64.ActiveCfg = Release|Any CPU
		{9B88FC43-6567-411A-AF52-08F69F785B33}.Release|x64.Build.0 = Release|Any CPU
		{9B88FC43-6567-411A-AF52-08F69F785B33}.Release|x86.ActiveCfg = Release|Any CPU
		{9B88FC43-6567-411A-AF52-08F69F785B33}.Release|x86.Build.0 = Release|Any CPU
		{FEC61BD7-1482-4F06-9448-189F2358C344}.Debug|Any CPU.ActiveCfg = Debug|Any CPU
		{FEC61BD7-1482-4F06-9448-189F2358C344}.Debug|Any CPU.Build.0 = Debug|Any CPU
		{FEC61BD7-1482-4F06-9448-189F2358C344}.Debug|x64.ActiveCfg = Debug|Any CPU
		{FEC61BD7-1482-4F06-9448-189F2358C344}.Debug|x64.Build.0 = Debug|Any CPU
		{FEC61BD7-1482-4F06-9448-189F2358C344}.Debug|x86.ActiveCfg = Debug|Any CPU
		{FEC61BD7-1482-4F06-9448-189F2358C344}.Debug|x86.Build.0 = Debug|Any CPU
		{FEC61BD7-1482-4F06-9448-189F2358C344}.Release|Any CPU.ActiveCfg = Release|Any CPU
		{FEC61BD7-1482-4F06-9448-189F2358C344}.Release|Any CPU.Build.0 = Release|Any CPU
		{FEC61BD7-1482-4F06-9448-189F2358C344}.Release|x64.ActiveCfg = Release|Any CPU
		{FEC61BD7-1482-4F06-9448-189F2358C344}.Release|x64.Build.0 = Release|Any CPU
		{FEC61BD7-1482-4F06-9448-189F2358C344}.Release|x86.ActiveCfg = Release|Any CPU
		{FEC61BD7-1482-4F06-9448-189F2358C344}.Release|x86.Build.0 = Release|Any CPU
		{CD59282A-B84A-47EC-A171-EBAF8B9415FC}.Debug|Any CPU.ActiveCfg = Debug|Any CPU
		{CD59282A-B84A-47EC-A171-EBAF8B9415FC}.Debug|Any CPU.Build.0 = Debug|Any CPU
		{CD59282A-B84A-47EC-A171-EBAF8B9415FC}.Debug|x64.ActiveCfg = Debug|Any CPU
		{CD59282A-B84A-47EC-A171-EBAF8B9415FC}.Debug|x64.Build.0 = Debug|Any CPU
		{CD59282A-B84A-47EC-A171-EBAF8B9415FC}.Debug|x86.ActiveCfg = Debug|Any CPU
		{CD59282A-B84A-47EC-A171-EBAF8B9415FC}.Debug|x86.Build.0 = Debug|Any CPU
		{CD59282A-B84A-47EC-A171-EBAF8B9415FC}.Release|Any CPU.ActiveCfg = Release|Any CPU
		{CD59282A-B84A-47EC-A171-EBAF8B9415FC}.Release|Any CPU.Build.0 = Release|Any CPU
		{CD59282A-B84A-47EC-A171-EBAF8B9415FC}.Release|x64.ActiveCfg = Release|Any CPU
		{CD59282A-B84A-47EC-A171-EBAF8B9415FC}.Release|x64.Build.0 = Release|Any CPU
		{CD59282A-B84A-47EC-A171-EBAF8B9415FC}.Release|x86.ActiveCfg = Release|Any CPU
		{CD59282A-B84A-47EC-A171-EBAF8B9415FC}.Release|x86.Build.0 = Release|Any CPU
		{341750A8-5D83-43F5-95EB-4BBAB3B448C9}.Debug|Any CPU.ActiveCfg = Debug|Any CPU
		{341750A8-5D83-43F5-95EB-4BBAB3B448C9}.Debug|Any CPU.Build.0 = Debug|Any CPU
		{341750A8-5D83-43F5-95EB-4BBAB3B448C9}.Debug|x64.ActiveCfg = Debug|Any CPU
		{341750A8-5D83-43F5-95EB-4BBAB3B448C9}.Debug|x64.Build.0 = Debug|Any CPU
		{341750A8-5D83-43F5-95EB-4BBAB3B448C9}.Debug|x86.ActiveCfg = Debug|Any CPU
		{341750A8-5D83-43F5-95EB-4BBAB3B448C9}.Debug|x86.Build.0 = Debug|Any CPU
		{341750A8-5D83-43F5-95EB-4BBAB3B448C9}.Release|Any CPU.ActiveCfg = Release|Any CPU
		{341750A8-5D83-43F5-95EB-4BBAB3B448C9}.Release|Any CPU.Build.0 = Release|Any CPU
		{341750A8-5D83-43F5-95EB-4BBAB3B448C9}.Release|x64.ActiveCfg = Release|Any CPU
		{341750A8-5D83-43F5-95EB-4BBAB3B448C9}.Release|x64.Build.0 = Release|Any CPU
		{341750A8-5D83-43F5-95EB-4BBAB3B448C9}.Release|x86.ActiveCfg = Release|Any CPU
		{341750A8-5D83-43F5-95EB-4BBAB3B448C9}.Release|x86.Build.0 = Release|Any CPU
		{8561AAE3-0650-46BB-9B3E-0F754C00B516}.Debug|Any CPU.ActiveCfg = Debug|Any CPU
		{8561AAE3-0650-46BB-9B3E-0F754C00B516}.Debug|Any CPU.Build.0 = Debug|Any CPU
		{8561AAE3-0650-46BB-9B3E-0F754C00B516}.Debug|x64.ActiveCfg = Debug|Any CPU
		{8561AAE3-0650-46BB-9B3E-0F754C00B516}.Debug|x64.Build.0 = Debug|Any CPU
		{8561AAE3-0650-46BB-9B3E-0F754C00B516}.Debug|x86.ActiveCfg = Debug|Any CPU
		{8561AAE3-0650-46BB-9B3E-0F754C00B516}.Debug|x86.Build.0 = Debug|Any CPU
		{8561AAE3-0650-46BB-9B3E-0F754C00B516}.Release|Any CPU.ActiveCfg = Release|Any CPU
		{8561AAE3-0650-46BB-9B3E-0F754C00B516}.Release|Any CPU.Build.0 = Release|Any CPU
		{8561AAE3-0650-46BB-9B3E-0F754C00B516}.Release|x64.ActiveCfg = Release|Any CPU
		{8561AAE3-0650-46BB-9B3E-0F754C00B516}.Release|x64.Build.0 = Release|Any CPU
		{8561AAE3-0650-46BB-9B3E-0F754C00B516}.Release|x86.ActiveCfg = Release|Any CPU
		{8561AAE3-0650-46BB-9B3E-0F754C00B516}.Release|x86.Build.0 = Release|Any CPU
		{368450B1-2EC2-4C66-A351-A6882B470708}.Debug|Any CPU.ActiveCfg = Debug|Any CPU
		{368450B1-2EC2-4C66-A351-A6882B470708}.Debug|Any CPU.Build.0 = Debug|Any CPU
		{368450B1-2EC2-4C66-A351-A6882B470708}.Debug|x64.ActiveCfg = Debug|Any CPU
		{368450B1-2EC2-4C66-A351-A6882B470708}.Debug|x64.Build.0 = Debug|Any CPU
		{368450B1-2EC2-4C66-A351-A6882B470708}.Debug|x86.ActiveCfg = Debug|Any CPU
		{368450B1-2EC2-4C66-A351-A6882B470708}.Debug|x86.Build.0 = Debug|Any CPU
		{368450B1-2EC2-4C66-A351-A6882B470708}.Release|Any CPU.ActiveCfg = Release|Any CPU
		{368450B1-2EC2-4C66-A351-A6882B470708}.Release|Any CPU.Build.0 = Release|Any CPU
		{368450B1-2EC2-4C66-A351-A6882B470708}.Release|x64.ActiveCfg = Release|Any CPU
		{368450B1-2EC2-4C66-A351-A6882B470708}.Release|x64.Build.0 = Release|Any CPU
		{368450B1-2EC2-4C66-A351-A6882B470708}.Release|x86.ActiveCfg = Release|Any CPU
		{368450B1-2EC2-4C66-A351-A6882B470708}.Release|x86.Build.0 = Release|Any CPU
		{A942BF50-92B8-4726-B439-2283DFC03128}.Debug|Any CPU.ActiveCfg = Debug|Any CPU
		{A942BF50-92B8-4726-B439-2283DFC03128}.Debug|Any CPU.Build.0 = Debug|Any CPU
		{A942BF50-92B8-4726-B439-2283DFC03128}.Debug|x64.ActiveCfg = Debug|Any CPU
		{A942BF50-92B8-4726-B439-2283DFC03128}.Debug|x64.Build.0 = Debug|Any CPU
		{A942BF50-92B8-4726-B439-2283DFC03128}.Debug|x86.ActiveCfg = Debug|Any CPU
		{A942BF50-92B8-4726-B439-2283DFC03128}.Debug|x86.Build.0 = Debug|Any CPU
		{A942BF50-92B8-4726-B439-2283DFC03128}.Release|Any CPU.ActiveCfg = Release|Any CPU
		{A942BF50-92B8-4726-B439-2283DFC03128}.Release|Any CPU.Build.0 = Release|Any CPU
		{A942BF50-92B8-4726-B439-2283DFC03128}.Release|x64.ActiveCfg = Release|Any CPU
		{A942BF50-92B8-4726-B439-2283DFC03128}.Release|x64.Build.0 = Release|Any CPU
		{A942BF50-92B8-4726-B439-2283DFC03128}.Release|x86.ActiveCfg = Release|Any CPU
		{A942BF50-92B8-4726-B439-2283DFC03128}.Release|x86.Build.0 = Release|Any CPU
		{759F07B5-7F4E-4F84-A666-4254D5BEB0FA}.Debug|Any CPU.ActiveCfg = Debug|Any CPU
		{759F07B5-7F4E-4F84-A666-4254D5BEB0FA}.Debug|Any CPU.Build.0 = Debug|Any CPU
		{759F07B5-7F4E-4F84-A666-4254D5BEB0FA}.Debug|x64.ActiveCfg = Debug|Any CPU
		{759F07B5-7F4E-4F84-A666-4254D5BEB0FA}.Debug|x64.Build.0 = Debug|Any CPU
		{759F07B5-7F4E-4F84-A666-4254D5BEB0FA}.Debug|x86.ActiveCfg = Debug|Any CPU
		{759F07B5-7F4E-4F84-A666-4254D5BEB0FA}.Debug|x86.Build.0 = Debug|Any CPU
		{759F07B5-7F4E-4F84-A666-4254D5BEB0FA}.Release|Any CPU.ActiveCfg = Release|Any CPU
		{759F07B5-7F4E-4F84-A666-4254D5BEB0FA}.Release|Any CPU.Build.0 = Release|Any CPU
		{759F07B5-7F4E-4F84-A666-4254D5BEB0FA}.Release|x64.ActiveCfg = Release|Any CPU
		{759F07B5-7F4E-4F84-A666-4254D5BEB0FA}.Release|x64.Build.0 = Release|Any CPU
		{759F07B5-7F4E-4F84-A666-4254D5BEB0FA}.Release|x86.ActiveCfg = Release|Any CPU
		{759F07B5-7F4E-4F84-A666-4254D5BEB0FA}.Release|x86.Build.0 = Release|Any CPU
		{526D189D-44A0-4A3C-AB20-E3CEF665C794}.Debug|Any CPU.ActiveCfg = Debug|Any CPU
		{526D189D-44A0-4A3C-AB20-E3CEF665C794}.Debug|Any CPU.Build.0 = Debug|Any CPU
		{526D189D-44A0-4A3C-AB20-E3CEF665C794}.Debug|x64.ActiveCfg = Debug|Any CPU
		{526D189D-44A0-4A3C-AB20-E3CEF665C794}.Debug|x64.Build.0 = Debug|Any CPU
		{526D189D-44A0-4A3C-AB20-E3CEF665C794}.Debug|x86.ActiveCfg = Debug|Any CPU
		{526D189D-44A0-4A3C-AB20-E3CEF665C794}.Debug|x86.Build.0 = Debug|Any CPU
		{526D189D-44A0-4A3C-AB20-E3CEF665C794}.Release|Any CPU.ActiveCfg = Release|Any CPU
		{526D189D-44A0-4A3C-AB20-E3CEF665C794}.Release|Any CPU.Build.0 = Release|Any CPU
		{526D189D-44A0-4A3C-AB20-E3CEF665C794}.Release|x64.ActiveCfg = Release|Any CPU
		{526D189D-44A0-4A3C-AB20-E3CEF665C794}.Release|x64.Build.0 = Release|Any CPU
		{526D189D-44A0-4A3C-AB20-E3CEF665C794}.Release|x86.ActiveCfg = Release|Any CPU
		{526D189D-44A0-4A3C-AB20-E3CEF665C794}.Release|x86.Build.0 = Release|Any CPU
		{2A38D698-1BD0-42C1-BD73-58F8F17B3F27}.Debug|Any CPU.ActiveCfg = Debug|Any CPU
		{2A38D698-1BD0-42C1-BD73-58F8F17B3F27}.Debug|Any CPU.Build.0 = Debug|Any CPU
		{2A38D698-1BD0-42C1-BD73-58F8F17B3F27}.Debug|x64.ActiveCfg = Debug|Any CPU
		{2A38D698-1BD0-42C1-BD73-58F8F17B3F27}.Debug|x64.Build.0 = Debug|Any CPU
		{2A38D698-1BD0-42C1-BD73-58F8F17B3F27}.Debug|x86.ActiveCfg = Debug|Any CPU
		{2A38D698-1BD0-42C1-BD73-58F8F17B3F27}.Debug|x86.Build.0 = Debug|Any CPU
		{2A38D698-1BD0-42C1-BD73-58F8F17B3F27}.Release|Any CPU.ActiveCfg = Release|Any CPU
		{2A38D698-1BD0-42C1-BD73-58F8F17B3F27}.Release|Any CPU.Build.0 = Release|Any CPU
		{2A38D698-1BD0-42C1-BD73-58F8F17B3F27}.Release|x64.ActiveCfg = Release|Any CPU
		{2A38D698-1BD0-42C1-BD73-58F8F17B3F27}.Release|x64.Build.0 = Release|Any CPU
		{2A38D698-1BD0-42C1-BD73-58F8F17B3F27}.Release|x86.ActiveCfg = Release|Any CPU
		{2A38D698-1BD0-42C1-BD73-58F8F17B3F27}.Release|x86.Build.0 = Release|Any CPU
		{0F417112-CA04-4E73-B3F9-EA81BDB9869C}.Debug|Any CPU.ActiveCfg = Debug|Any CPU
		{0F417112-CA04-4E73-B3F9-EA81BDB9869C}.Debug|Any CPU.Build.0 = Debug|Any CPU
		{0F417112-CA04-4E73-B3F9-EA81BDB9869C}.Debug|x64.ActiveCfg = Debug|Any CPU
		{0F417112-CA04-4E73-B3F9-EA81BDB9869C}.Debug|x64.Build.0 = Debug|Any CPU
		{0F417112-CA04-4E73-B3F9-EA81BDB9869C}.Debug|x86.ActiveCfg = Debug|Any CPU
		{0F417112-CA04-4E73-B3F9-EA81BDB9869C}.Debug|x86.Build.0 = Debug|Any CPU
		{0F417112-CA04-4E73-B3F9-EA81BDB9869C}.Release|Any CPU.ActiveCfg = Release|Any CPU
		{0F417112-CA04-4E73-B3F9-EA81BDB9869C}.Release|Any CPU.Build.0 = Release|Any CPU
		{0F417112-CA04-4E73-B3F9-EA81BDB9869C}.Release|x64.ActiveCfg = Release|Any CPU
		{0F417112-CA04-4E73-B3F9-EA81BDB9869C}.Release|x64.Build.0 = Release|Any CPU
		{0F417112-CA04-4E73-B3F9-EA81BDB9869C}.Release|x86.ActiveCfg = Release|Any CPU
		{0F417112-CA04-4E73-B3F9-EA81BDB9869C}.Release|x86.Build.0 = Release|Any CPU
		{CDB6773F-E603-4821-8CA9-9553886EA9E4}.Debug|Any CPU.ActiveCfg = Debug|Any CPU
		{CDB6773F-E603-4821-8CA9-9553886EA9E4}.Debug|Any CPU.Build.0 = Debug|Any CPU
		{CDB6773F-E603-4821-8CA9-9553886EA9E4}.Debug|x64.ActiveCfg = Debug|Any CPU
		{CDB6773F-E603-4821-8CA9-9553886EA9E4}.Debug|x64.Build.0 = Debug|Any CPU
		{CDB6773F-E603-4821-8CA9-9553886EA9E4}.Debug|x86.ActiveCfg = Debug|Any CPU
		{CDB6773F-E603-4821-8CA9-9553886EA9E4}.Debug|x86.Build.0 = Debug|Any CPU
		{CDB6773F-E603-4821-8CA9-9553886EA9E4}.Release|Any CPU.ActiveCfg = Release|Any CPU
		{CDB6773F-E603-4821-8CA9-9553886EA9E4}.Release|Any CPU.Build.0 = Release|Any CPU
		{CDB6773F-E603-4821-8CA9-9553886EA9E4}.Release|x64.ActiveCfg = Release|Any CPU
		{CDB6773F-E603-4821-8CA9-9553886EA9E4}.Release|x64.Build.0 = Release|Any CPU
		{CDB6773F-E603-4821-8CA9-9553886EA9E4}.Release|x86.ActiveCfg = Release|Any CPU
		{CDB6773F-E603-4821-8CA9-9553886EA9E4}.Release|x86.Build.0 = Release|Any CPU
		{F07E05FF-1A00-458A-B37C-968EBE16298A}.Debug|Any CPU.ActiveCfg = Debug|Any CPU
		{F07E05FF-1A00-458A-B37C-968EBE16298A}.Debug|Any CPU.Build.0 = Debug|Any CPU
		{F07E05FF-1A00-458A-B37C-968EBE16298A}.Debug|x64.ActiveCfg = Debug|Any CPU
		{F07E05FF-1A00-458A-B37C-968EBE16298A}.Debug|x64.Build.0 = Debug|Any CPU
		{F07E05FF-1A00-458A-B37C-968EBE16298A}.Debug|x86.ActiveCfg = Debug|Any CPU
		{F07E05FF-1A00-458A-B37C-968EBE16298A}.Debug|x86.Build.0 = Debug|Any CPU
		{F07E05FF-1A00-458A-B37C-968EBE16298A}.Release|Any CPU.ActiveCfg = Release|Any CPU
		{F07E05FF-1A00-458A-B37C-968EBE16298A}.Release|Any CPU.Build.0 = Release|Any CPU
		{F07E05FF-1A00-458A-B37C-968EBE16298A}.Release|x64.ActiveCfg = Release|Any CPU
		{F07E05FF-1A00-458A-B37C-968EBE16298A}.Release|x64.Build.0 = Release|Any CPU
		{F07E05FF-1A00-458A-B37C-968EBE16298A}.Release|x86.ActiveCfg = Release|Any CPU
		{F07E05FF-1A00-458A-B37C-968EBE16298A}.Release|x86.Build.0 = Release|Any CPU
		{F7930AE7-1D9C-40B7-AFB2-B64C04D00645}.Debug|Any CPU.ActiveCfg = Debug|Any CPU
		{F7930AE7-1D9C-40B7-AFB2-B64C04D00645}.Debug|Any CPU.Build.0 = Debug|Any CPU
		{F7930AE7-1D9C-40B7-AFB2-B64C04D00645}.Debug|x64.ActiveCfg = Debug|Any CPU
		{F7930AE7-1D9C-40B7-AFB2-B64C04D00645}.Debug|x64.Build.0 = Debug|Any CPU
		{F7930AE7-1D9C-40B7-AFB2-B64C04D00645}.Debug|x86.ActiveCfg = Debug|Any CPU
		{F7930AE7-1D9C-40B7-AFB2-B64C04D00645}.Debug|x86.Build.0 = Debug|Any CPU
		{F7930AE7-1D9C-40B7-AFB2-B64C04D00645}.Release|Any CPU.ActiveCfg = Release|Any CPU
		{F7930AE7-1D9C-40B7-AFB2-B64C04D00645}.Release|Any CPU.Build.0 = Release|Any CPU
		{F7930AE7-1D9C-40B7-AFB2-B64C04D00645}.Release|x64.ActiveCfg = Release|Any CPU
		{F7930AE7-1D9C-40B7-AFB2-B64C04D00645}.Release|x64.Build.0 = Release|Any CPU
		{F7930AE7-1D9C-40B7-AFB2-B64C04D00645}.Release|x86.ActiveCfg = Release|Any CPU
		{F7930AE7-1D9C-40B7-AFB2-B64C04D00645}.Release|x86.Build.0 = Release|Any CPU
		{222DE907-5CAE-4526-9290-ABF8861A16D3}.Debug|Any CPU.ActiveCfg = Debug|Any CPU
		{222DE907-5CAE-4526-9290-ABF8861A16D3}.Debug|Any CPU.Build.0 = Debug|Any CPU
		{222DE907-5CAE-4526-9290-ABF8861A16D3}.Debug|x64.ActiveCfg = Debug|Any CPU
		{222DE907-5CAE-4526-9290-ABF8861A16D3}.Debug|x64.Build.0 = Debug|Any CPU
		{222DE907-5CAE-4526-9290-ABF8861A16D3}.Debug|x86.ActiveCfg = Debug|Any CPU
		{222DE907-5CAE-4526-9290-ABF8861A16D3}.Debug|x86.Build.0 = Debug|Any CPU
		{222DE907-5CAE-4526-9290-ABF8861A16D3}.Release|Any CPU.ActiveCfg = Release|Any CPU
		{222DE907-5CAE-4526-9290-ABF8861A16D3}.Release|Any CPU.Build.0 = Release|Any CPU
		{222DE907-5CAE-4526-9290-ABF8861A16D3}.Release|x64.ActiveCfg = Release|Any CPU
		{222DE907-5CAE-4526-9290-ABF8861A16D3}.Release|x64.Build.0 = Release|Any CPU
		{222DE907-5CAE-4526-9290-ABF8861A16D3}.Release|x86.ActiveCfg = Release|Any CPU
		{222DE907-5CAE-4526-9290-ABF8861A16D3}.Release|x86.Build.0 = Release|Any CPU
		{F86221FE-5729-49E3-B868-2143F3804D03}.Debug|Any CPU.ActiveCfg = Debug|Any CPU
		{F86221FE-5729-49E3-B868-2143F3804D03}.Debug|Any CPU.Build.0 = Debug|Any CPU
		{F86221FE-5729-49E3-B868-2143F3804D03}.Debug|x64.ActiveCfg = Debug|Any CPU
		{F86221FE-5729-49E3-B868-2143F3804D03}.Debug|x64.Build.0 = Debug|Any CPU
		{F86221FE-5729-49E3-B868-2143F3804D03}.Debug|x86.ActiveCfg = Debug|Any CPU
		{F86221FE-5729-49E3-B868-2143F3804D03}.Debug|x86.Build.0 = Debug|Any CPU
		{F86221FE-5729-49E3-B868-2143F3804D03}.Release|Any CPU.ActiveCfg = Release|Any CPU
		{F86221FE-5729-49E3-B868-2143F3804D03}.Release|Any CPU.Build.0 = Release|Any CPU
		{F86221FE-5729-49E3-B868-2143F3804D03}.Release|x64.ActiveCfg = Release|Any CPU
		{F86221FE-5729-49E3-B868-2143F3804D03}.Release|x64.Build.0 = Release|Any CPU
		{F86221FE-5729-49E3-B868-2143F3804D03}.Release|x86.ActiveCfg = Release|Any CPU
		{F86221FE-5729-49E3-B868-2143F3804D03}.Release|x86.Build.0 = Release|Any CPU
		{EF0EE4EE-D416-4BD5-854B-BF5388F88DCE}.Debug|Any CPU.ActiveCfg = Debug|Any CPU
		{EF0EE4EE-D416-4BD5-854B-BF5388F88DCE}.Debug|Any CPU.Build.0 = Debug|Any CPU
		{EF0EE4EE-D416-4BD5-854B-BF5388F88DCE}.Debug|x64.ActiveCfg = Debug|Any CPU
		{EF0EE4EE-D416-4BD5-854B-BF5388F88DCE}.Debug|x64.Build.0 = Debug|Any CPU
		{EF0EE4EE-D416-4BD5-854B-BF5388F88DCE}.Debug|x86.ActiveCfg = Debug|Any CPU
		{EF0EE4EE-D416-4BD5-854B-BF5388F88DCE}.Debug|x86.Build.0 = Debug|Any CPU
		{EF0EE4EE-D416-4BD5-854B-BF5388F88DCE}.Release|Any CPU.ActiveCfg = Release|Any CPU
		{EF0EE4EE-D416-4BD5-854B-BF5388F88DCE}.Release|Any CPU.Build.0 = Release|Any CPU
		{EF0EE4EE-D416-4BD5-854B-BF5388F88DCE}.Release|x64.ActiveCfg = Release|Any CPU
		{EF0EE4EE-D416-4BD5-854B-BF5388F88DCE}.Release|x64.Build.0 = Release|Any CPU
		{EF0EE4EE-D416-4BD5-854B-BF5388F88DCE}.Release|x86.ActiveCfg = Release|Any CPU
		{EF0EE4EE-D416-4BD5-854B-BF5388F88DCE}.Release|x86.Build.0 = Release|Any CPU
		{8BCC835E-C0C3-4C83-97EE-214E8677782C}.Debug|Any CPU.ActiveCfg = Debug|Any CPU
		{8BCC835E-C0C3-4C83-97EE-214E8677782C}.Debug|Any CPU.Build.0 = Debug|Any CPU
		{8BCC835E-C0C3-4C83-97EE-214E8677782C}.Debug|x64.ActiveCfg = Debug|Any CPU
		{8BCC835E-C0C3-4C83-97EE-214E8677782C}.Debug|x64.Build.0 = Debug|Any CPU
		{8BCC835E-C0C3-4C83-97EE-214E8677782C}.Debug|x86.ActiveCfg = Debug|Any CPU
		{8BCC835E-C0C3-4C83-97EE-214E8677782C}.Debug|x86.Build.0 = Debug|Any CPU
		{8BCC835E-C0C3-4C83-97EE-214E8677782C}.Release|Any CPU.ActiveCfg = Release|Any CPU
		{8BCC835E-C0C3-4C83-97EE-214E8677782C}.Release|Any CPU.Build.0 = Release|Any CPU
		{8BCC835E-C0C3-4C83-97EE-214E8677782C}.Release|x64.ActiveCfg = Release|Any CPU
		{8BCC835E-C0C3-4C83-97EE-214E8677782C}.Release|x64.Build.0 = Release|Any CPU
		{8BCC835E-C0C3-4C83-97EE-214E8677782C}.Release|x86.ActiveCfg = Release|Any CPU
		{8BCC835E-C0C3-4C83-97EE-214E8677782C}.Release|x86.Build.0 = Release|Any CPU
		{418477A0-6936-4059-8055-BCEF1856DA40}.Debug|Any CPU.ActiveCfg = Debug|Any CPU
		{418477A0-6936-4059-8055-BCEF1856DA40}.Debug|Any CPU.Build.0 = Debug|Any CPU
		{418477A0-6936-4059-8055-BCEF1856DA40}.Debug|x64.ActiveCfg = Debug|Any CPU
		{418477A0-6936-4059-8055-BCEF1856DA40}.Debug|x64.Build.0 = Debug|Any CPU
		{418477A0-6936-4059-8055-BCEF1856DA40}.Debug|x86.ActiveCfg = Debug|Any CPU
		{418477A0-6936-4059-8055-BCEF1856DA40}.Debug|x86.Build.0 = Debug|Any CPU
		{418477A0-6936-4059-8055-BCEF1856DA40}.Release|Any CPU.ActiveCfg = Release|Any CPU
		{418477A0-6936-4059-8055-BCEF1856DA40}.Release|Any CPU.Build.0 = Release|Any CPU
		{418477A0-6936-4059-8055-BCEF1856DA40}.Release|x64.ActiveCfg = Release|Any CPU
		{418477A0-6936-4059-8055-BCEF1856DA40}.Release|x64.Build.0 = Release|Any CPU
		{418477A0-6936-4059-8055-BCEF1856DA40}.Release|x86.ActiveCfg = Release|Any CPU
		{418477A0-6936-4059-8055-BCEF1856DA40}.Release|x86.Build.0 = Release|Any CPU
		{7E0627FD-34F8-475B-9016-5E3F23586941}.Debug|Any CPU.ActiveCfg = Debug|Any CPU
		{7E0627FD-34F8-475B-9016-5E3F23586941}.Debug|Any CPU.Build.0 = Debug|Any CPU
		{7E0627FD-34F8-475B-9016-5E3F23586941}.Debug|x64.ActiveCfg = Debug|Any CPU
		{7E0627FD-34F8-475B-9016-5E3F23586941}.Debug|x64.Build.0 = Debug|Any CPU
		{7E0627FD-34F8-475B-9016-5E3F23586941}.Debug|x86.ActiveCfg = Debug|Any CPU
		{7E0627FD-34F8-475B-9016-5E3F23586941}.Debug|x86.Build.0 = Debug|Any CPU
		{7E0627FD-34F8-475B-9016-5E3F23586941}.Release|Any CPU.ActiveCfg = Release|Any CPU
		{7E0627FD-34F8-475B-9016-5E3F23586941}.Release|Any CPU.Build.0 = Release|Any CPU
		{7E0627FD-34F8-475B-9016-5E3F23586941}.Release|x64.ActiveCfg = Release|Any CPU
		{7E0627FD-34F8-475B-9016-5E3F23586941}.Release|x64.Build.0 = Release|Any CPU
		{7E0627FD-34F8-475B-9016-5E3F23586941}.Release|x86.ActiveCfg = Release|Any CPU
		{7E0627FD-34F8-475B-9016-5E3F23586941}.Release|x86.Build.0 = Release|Any CPU
		{75523C80-8055-4C51-AB97-6AD52618D2CF}.Debug|Any CPU.ActiveCfg = Debug|Any CPU
		{75523C80-8055-4C51-AB97-6AD52618D2CF}.Debug|Any CPU.Build.0 = Debug|Any CPU
		{75523C80-8055-4C51-AB97-6AD52618D2CF}.Debug|x64.ActiveCfg = Debug|Any CPU
		{75523C80-8055-4C51-AB97-6AD52618D2CF}.Debug|x64.Build.0 = Debug|Any CPU
		{75523C80-8055-4C51-AB97-6AD52618D2CF}.Debug|x86.ActiveCfg = Debug|Any CPU
		{75523C80-8055-4C51-AB97-6AD52618D2CF}.Debug|x86.Build.0 = Debug|Any CPU
		{75523C80-8055-4C51-AB97-6AD52618D2CF}.Release|Any CPU.ActiveCfg = Release|Any CPU
		{75523C80-8055-4C51-AB97-6AD52618D2CF}.Release|Any CPU.Build.0 = Release|Any CPU
		{75523C80-8055-4C51-AB97-6AD52618D2CF}.Release|x64.ActiveCfg = Release|Any CPU
		{75523C80-8055-4C51-AB97-6AD52618D2CF}.Release|x64.Build.0 = Release|Any CPU
		{75523C80-8055-4C51-AB97-6AD52618D2CF}.Release|x86.ActiveCfg = Release|Any CPU
		{75523C80-8055-4C51-AB97-6AD52618D2CF}.Release|x86.Build.0 = Release|Any CPU
		{4F4F4447-F2F4-4BBC-B7B7-5F92CBB17FB4}.Debug|Any CPU.ActiveCfg = Debug|Any CPU
		{4F4F4447-F2F4-4BBC-B7B7-5F92CBB17FB4}.Debug|Any CPU.Build.0 = Debug|Any CPU
		{4F4F4447-F2F4-4BBC-B7B7-5F92CBB17FB4}.Debug|x64.ActiveCfg = Debug|Any CPU
		{4F4F4447-F2F4-4BBC-B7B7-5F92CBB17FB4}.Debug|x64.Build.0 = Debug|Any CPU
		{4F4F4447-F2F4-4BBC-B7B7-5F92CBB17FB4}.Debug|x86.ActiveCfg = Debug|Any CPU
		{4F4F4447-F2F4-4BBC-B7B7-5F92CBB17FB4}.Debug|x86.Build.0 = Debug|Any CPU
		{4F4F4447-F2F4-4BBC-B7B7-5F92CBB17FB4}.Release|Any CPU.ActiveCfg = Release|Any CPU
		{4F4F4447-F2F4-4BBC-B7B7-5F92CBB17FB4}.Release|Any CPU.Build.0 = Release|Any CPU
		{4F4F4447-F2F4-4BBC-B7B7-5F92CBB17FB4}.Release|x64.ActiveCfg = Release|Any CPU
		{4F4F4447-F2F4-4BBC-B7B7-5F92CBB17FB4}.Release|x64.Build.0 = Release|Any CPU
		{4F4F4447-F2F4-4BBC-B7B7-5F92CBB17FB4}.Release|x86.ActiveCfg = Release|Any CPU
		{4F4F4447-F2F4-4BBC-B7B7-5F92CBB17FB4}.Release|x86.Build.0 = Release|Any CPU
		{1D547B64-C2DC-40AF-BA92-5B017F2F4F1C}.Debug|Any CPU.ActiveCfg = Debug|Any CPU
		{1D547B64-C2DC-40AF-BA92-5B017F2F4F1C}.Debug|Any CPU.Build.0 = Debug|Any CPU
		{1D547B64-C2DC-40AF-BA92-5B017F2F4F1C}.Debug|x64.ActiveCfg = Debug|Any CPU
		{1D547B64-C2DC-40AF-BA92-5B017F2F4F1C}.Debug|x64.Build.0 = Debug|Any CPU
		{1D547B64-C2DC-40AF-BA92-5B017F2F4F1C}.Debug|x86.ActiveCfg = Debug|Any CPU
		{1D547B64-C2DC-40AF-BA92-5B017F2F4F1C}.Debug|x86.Build.0 = Debug|Any CPU
		{1D547B64-C2DC-40AF-BA92-5B017F2F4F1C}.Release|Any CPU.ActiveCfg = Release|Any CPU
		{1D547B64-C2DC-40AF-BA92-5B017F2F4F1C}.Release|Any CPU.Build.0 = Release|Any CPU
		{1D547B64-C2DC-40AF-BA92-5B017F2F4F1C}.Release|x64.ActiveCfg = Release|Any CPU
		{1D547B64-C2DC-40AF-BA92-5B017F2F4F1C}.Release|x64.Build.0 = Release|Any CPU
		{1D547B64-C2DC-40AF-BA92-5B017F2F4F1C}.Release|x86.ActiveCfg = Release|Any CPU
		{1D547B64-C2DC-40AF-BA92-5B017F2F4F1C}.Release|x86.Build.0 = Release|Any CPU
		{E4310978-9F7C-4523-9656-D06C96F124D8}.Debug|Any CPU.ActiveCfg = Debug|Any CPU
		{E4310978-9F7C-4523-9656-D06C96F124D8}.Debug|Any CPU.Build.0 = Debug|Any CPU
		{E4310978-9F7C-4523-9656-D06C96F124D8}.Debug|x64.ActiveCfg = Debug|Any CPU
		{E4310978-9F7C-4523-9656-D06C96F124D8}.Debug|x64.Build.0 = Debug|Any CPU
		{E4310978-9F7C-4523-9656-D06C96F124D8}.Debug|x86.ActiveCfg = Debug|Any CPU
		{E4310978-9F7C-4523-9656-D06C96F124D8}.Debug|x86.Build.0 = Debug|Any CPU
		{E4310978-9F7C-4523-9656-D06C96F124D8}.Release|Any CPU.ActiveCfg = Release|Any CPU
		{E4310978-9F7C-4523-9656-D06C96F124D8}.Release|Any CPU.Build.0 = Release|Any CPU
		{E4310978-9F7C-4523-9656-D06C96F124D8}.Release|x64.ActiveCfg = Release|Any CPU
		{E4310978-9F7C-4523-9656-D06C96F124D8}.Release|x64.Build.0 = Release|Any CPU
		{E4310978-9F7C-4523-9656-D06C96F124D8}.Release|x86.ActiveCfg = Release|Any CPU
		{E4310978-9F7C-4523-9656-D06C96F124D8}.Release|x86.Build.0 = Release|Any CPU
		{96E91EFE-E752-437A-945E-F5E682D47776}.Debug|Any CPU.ActiveCfg = Debug|Any CPU
		{96E91EFE-E752-437A-945E-F5E682D47776}.Debug|Any CPU.Build.0 = Debug|Any CPU
		{96E91EFE-E752-437A-945E-F5E682D47776}.Debug|x64.ActiveCfg = Debug|Any CPU
		{96E91EFE-E752-437A-945E-F5E682D47776}.Debug|x64.Build.0 = Debug|Any CPU
		{96E91EFE-E752-437A-945E-F5E682D47776}.Debug|x86.ActiveCfg = Debug|Any CPU
		{96E91EFE-E752-437A-945E-F5E682D47776}.Debug|x86.Build.0 = Debug|Any CPU
		{96E91EFE-E752-437A-945E-F5E682D47776}.Release|Any CPU.ActiveCfg = Release|Any CPU
		{96E91EFE-E752-437A-945E-F5E682D47776}.Release|Any CPU.Build.0 = Release|Any CPU
		{96E91EFE-E752-437A-945E-F5E682D47776}.Release|x64.ActiveCfg = Release|Any CPU
		{96E91EFE-E752-437A-945E-F5E682D47776}.Release|x64.Build.0 = Release|Any CPU
		{96E91EFE-E752-437A-945E-F5E682D47776}.Release|x86.ActiveCfg = Release|Any CPU
		{96E91EFE-E752-437A-945E-F5E682D47776}.Release|x86.Build.0 = Release|Any CPU
		{332F816F-F330-4F00-8C24-236737FE3733}.Debug|Any CPU.ActiveCfg = Debug|Any CPU
		{332F816F-F330-4F00-8C24-236737FE3733}.Debug|Any CPU.Build.0 = Debug|Any CPU
		{332F816F-F330-4F00-8C24-236737FE3733}.Debug|x64.ActiveCfg = Debug|Any CPU
		{332F816F-F330-4F00-8C24-236737FE3733}.Debug|x64.Build.0 = Debug|Any CPU
		{332F816F-F330-4F00-8C24-236737FE3733}.Debug|x86.ActiveCfg = Debug|Any CPU
		{332F816F-F330-4F00-8C24-236737FE3733}.Debug|x86.Build.0 = Debug|Any CPU
		{332F816F-F330-4F00-8C24-236737FE3733}.Release|Any CPU.ActiveCfg = Release|Any CPU
		{332F816F-F330-4F00-8C24-236737FE3733}.Release|Any CPU.Build.0 = Release|Any CPU
		{332F816F-F330-4F00-8C24-236737FE3733}.Release|x64.ActiveCfg = Release|Any CPU
		{332F816F-F330-4F00-8C24-236737FE3733}.Release|x64.Build.0 = Release|Any CPU
		{332F816F-F330-4F00-8C24-236737FE3733}.Release|x86.ActiveCfg = Release|Any CPU
		{332F816F-F330-4F00-8C24-236737FE3733}.Release|x86.Build.0 = Release|Any CPU
		{5E524856-8DD8-4053-950A-833AE599B3A0}.Debug|Any CPU.ActiveCfg = Debug|Any CPU
		{5E524856-8DD8-4053-950A-833AE599B3A0}.Debug|Any CPU.Build.0 = Debug|Any CPU
		{5E524856-8DD8-4053-950A-833AE599B3A0}.Debug|x64.ActiveCfg = Debug|Any CPU
		{5E524856-8DD8-4053-950A-833AE599B3A0}.Debug|x64.Build.0 = Debug|Any CPU
		{5E524856-8DD8-4053-950A-833AE599B3A0}.Debug|x86.ActiveCfg = Debug|Any CPU
		{5E524856-8DD8-4053-950A-833AE599B3A0}.Debug|x86.Build.0 = Debug|Any CPU
		{5E524856-8DD8-4053-950A-833AE599B3A0}.Release|Any CPU.ActiveCfg = Release|Any CPU
		{5E524856-8DD8-4053-950A-833AE599B3A0}.Release|Any CPU.Build.0 = Release|Any CPU
		{5E524856-8DD8-4053-950A-833AE599B3A0}.Release|x64.ActiveCfg = Release|Any CPU
		{5E524856-8DD8-4053-950A-833AE599B3A0}.Release|x64.Build.0 = Release|Any CPU
		{5E524856-8DD8-4053-950A-833AE599B3A0}.Release|x86.ActiveCfg = Release|Any CPU
		{5E524856-8DD8-4053-950A-833AE599B3A0}.Release|x86.Build.0 = Release|Any CPU
		{612BEBB1-983D-4225-ABBA-45D294BBFD21}.Debug|Any CPU.ActiveCfg = Debug|Any CPU
		{612BEBB1-983D-4225-ABBA-45D294BBFD21}.Debug|Any CPU.Build.0 = Debug|Any CPU
		{612BEBB1-983D-4225-ABBA-45D294BBFD21}.Debug|x64.ActiveCfg = Debug|Any CPU
		{612BEBB1-983D-4225-ABBA-45D294BBFD21}.Debug|x64.Build.0 = Debug|Any CPU
		{612BEBB1-983D-4225-ABBA-45D294BBFD21}.Debug|x86.ActiveCfg = Debug|Any CPU
		{612BEBB1-983D-4225-ABBA-45D294BBFD21}.Debug|x86.Build.0 = Debug|Any CPU
		{612BEBB1-983D-4225-ABBA-45D294BBFD21}.Release|Any CPU.ActiveCfg = Release|Any CPU
		{612BEBB1-983D-4225-ABBA-45D294BBFD21}.Release|Any CPU.Build.0 = Release|Any CPU
		{612BEBB1-983D-4225-ABBA-45D294BBFD21}.Release|x64.ActiveCfg = Release|Any CPU
		{612BEBB1-983D-4225-ABBA-45D294BBFD21}.Release|x64.Build.0 = Release|Any CPU
		{612BEBB1-983D-4225-ABBA-45D294BBFD21}.Release|x86.ActiveCfg = Release|Any CPU
		{612BEBB1-983D-4225-ABBA-45D294BBFD21}.Release|x86.Build.0 = Release|Any CPU
		{1ADD2689-2D5B-4758-99D0-66BBA6421AFC}.Debug|Any CPU.ActiveCfg = Debug|Any CPU
		{1ADD2689-2D5B-4758-99D0-66BBA6421AFC}.Debug|Any CPU.Build.0 = Debug|Any CPU
		{1ADD2689-2D5B-4758-99D0-66BBA6421AFC}.Debug|x64.ActiveCfg = Debug|Any CPU
		{1ADD2689-2D5B-4758-99D0-66BBA6421AFC}.Debug|x64.Build.0 = Debug|Any CPU
		{1ADD2689-2D5B-4758-99D0-66BBA6421AFC}.Debug|x86.ActiveCfg = Debug|Any CPU
		{1ADD2689-2D5B-4758-99D0-66BBA6421AFC}.Debug|x86.Build.0 = Debug|Any CPU
		{1ADD2689-2D5B-4758-99D0-66BBA6421AFC}.Release|Any CPU.ActiveCfg = Release|Any CPU
		{1ADD2689-2D5B-4758-99D0-66BBA6421AFC}.Release|Any CPU.Build.0 = Release|Any CPU
		{1ADD2689-2D5B-4758-99D0-66BBA6421AFC}.Release|x64.ActiveCfg = Release|Any CPU
		{1ADD2689-2D5B-4758-99D0-66BBA6421AFC}.Release|x64.Build.0 = Release|Any CPU
		{1ADD2689-2D5B-4758-99D0-66BBA6421AFC}.Release|x86.ActiveCfg = Release|Any CPU
		{1ADD2689-2D5B-4758-99D0-66BBA6421AFC}.Release|x86.Build.0 = Release|Any CPU
		{3A49AC42-8063-4340-81E6-B6681ABAA2F8}.Debug|Any CPU.ActiveCfg = Debug|Any CPU
		{3A49AC42-8063-4340-81E6-B6681ABAA2F8}.Debug|Any CPU.Build.0 = Debug|Any CPU
		{3A49AC42-8063-4340-81E6-B6681ABAA2F8}.Debug|x64.ActiveCfg = Debug|Any CPU
		{3A49AC42-8063-4340-81E6-B6681ABAA2F8}.Debug|x64.Build.0 = Debug|Any CPU
		{3A49AC42-8063-4340-81E6-B6681ABAA2F8}.Debug|x86.ActiveCfg = Debug|Any CPU
		{3A49AC42-8063-4340-81E6-B6681ABAA2F8}.Debug|x86.Build.0 = Debug|Any CPU
		{3A49AC42-8063-4340-81E6-B6681ABAA2F8}.Release|Any CPU.ActiveCfg = Release|Any CPU
		{3A49AC42-8063-4340-81E6-B6681ABAA2F8}.Release|Any CPU.Build.0 = Release|Any CPU
		{3A49AC42-8063-4340-81E6-B6681ABAA2F8}.Release|x64.ActiveCfg = Release|Any CPU
		{3A49AC42-8063-4340-81E6-B6681ABAA2F8}.Release|x64.Build.0 = Release|Any CPU
		{3A49AC42-8063-4340-81E6-B6681ABAA2F8}.Release|x86.ActiveCfg = Release|Any CPU
		{3A49AC42-8063-4340-81E6-B6681ABAA2F8}.Release|x86.Build.0 = Release|Any CPU
		{7080BFE1-E8F1-4E79-88C1-E19961EAA311}.Debug|Any CPU.ActiveCfg = Debug|Any CPU
		{7080BFE1-E8F1-4E79-88C1-E19961EAA311}.Debug|Any CPU.Build.0 = Debug|Any CPU
		{7080BFE1-E8F1-4E79-88C1-E19961EAA311}.Debug|x64.ActiveCfg = Debug|Any CPU
		{7080BFE1-E8F1-4E79-88C1-E19961EAA311}.Debug|x64.Build.0 = Debug|Any CPU
		{7080BFE1-E8F1-4E79-88C1-E19961EAA311}.Debug|x86.ActiveCfg = Debug|Any CPU
		{7080BFE1-E8F1-4E79-88C1-E19961EAA311}.Debug|x86.Build.0 = Debug|Any CPU
		{7080BFE1-E8F1-4E79-88C1-E19961EAA311}.Release|Any CPU.ActiveCfg = Release|Any CPU
		{7080BFE1-E8F1-4E79-88C1-E19961EAA311}.Release|Any CPU.Build.0 = Release|Any CPU
		{7080BFE1-E8F1-4E79-88C1-E19961EAA311}.Release|x64.ActiveCfg = Release|Any CPU
		{7080BFE1-E8F1-4E79-88C1-E19961EAA311}.Release|x64.Build.0 = Release|Any CPU
		{7080BFE1-E8F1-4E79-88C1-E19961EAA311}.Release|x86.ActiveCfg = Release|Any CPU
		{7080BFE1-E8F1-4E79-88C1-E19961EAA311}.Release|x86.Build.0 = Release|Any CPU
		{AA674BD4-877A-4515-BB31-EBBC86A75F02}.Debug|Any CPU.ActiveCfg = Debug|Any CPU
		{AA674BD4-877A-4515-BB31-EBBC86A75F02}.Debug|Any CPU.Build.0 = Debug|Any CPU
		{AA674BD4-877A-4515-BB31-EBBC86A75F02}.Debug|x64.ActiveCfg = Debug|Any CPU
		{AA674BD4-877A-4515-BB31-EBBC86A75F02}.Debug|x64.Build.0 = Debug|Any CPU
		{AA674BD4-877A-4515-BB31-EBBC86A75F02}.Debug|x86.ActiveCfg = Debug|Any CPU
		{AA674BD4-877A-4515-BB31-EBBC86A75F02}.Debug|x86.Build.0 = Debug|Any CPU
		{AA674BD4-877A-4515-BB31-EBBC86A75F02}.Release|Any CPU.ActiveCfg = Release|Any CPU
		{AA674BD4-877A-4515-BB31-EBBC86A75F02}.Release|Any CPU.Build.0 = Release|Any CPU
		{AA674BD4-877A-4515-BB31-EBBC86A75F02}.Release|x64.ActiveCfg = Release|Any CPU
		{AA674BD4-877A-4515-BB31-EBBC86A75F02}.Release|x64.Build.0 = Release|Any CPU
		{AA674BD4-877A-4515-BB31-EBBC86A75F02}.Release|x86.ActiveCfg = Release|Any CPU
		{AA674BD4-877A-4515-BB31-EBBC86A75F02}.Release|x86.Build.0 = Release|Any CPU
		{9F36C6C0-C1BB-43FB-9DCC-56C68256D2F0}.Debug|Any CPU.ActiveCfg = Debug|Any CPU
		{9F36C6C0-C1BB-43FB-9DCC-56C68256D2F0}.Debug|Any CPU.Build.0 = Debug|Any CPU
		{9F36C6C0-C1BB-43FB-9DCC-56C68256D2F0}.Debug|x64.ActiveCfg = Debug|Any CPU
		{9F36C6C0-C1BB-43FB-9DCC-56C68256D2F0}.Debug|x64.Build.0 = Debug|Any CPU
		{9F36C6C0-C1BB-43FB-9DCC-56C68256D2F0}.Debug|x86.ActiveCfg = Debug|Any CPU
		{9F36C6C0-C1BB-43FB-9DCC-56C68256D2F0}.Debug|x86.Build.0 = Debug|Any CPU
		{9F36C6C0-C1BB-43FB-9DCC-56C68256D2F0}.Release|Any CPU.ActiveCfg = Release|Any CPU
		{9F36C6C0-C1BB-43FB-9DCC-56C68256D2F0}.Release|Any CPU.Build.0 = Release|Any CPU
		{9F36C6C0-C1BB-43FB-9DCC-56C68256D2F0}.Release|x64.ActiveCfg = Release|Any CPU
		{9F36C6C0-C1BB-43FB-9DCC-56C68256D2F0}.Release|x64.Build.0 = Release|Any CPU
		{9F36C6C0-C1BB-43FB-9DCC-56C68256D2F0}.Release|x86.ActiveCfg = Release|Any CPU
		{9F36C6C0-C1BB-43FB-9DCC-56C68256D2F0}.Release|x86.Build.0 = Release|Any CPU
		{24F4CEA9-EA79-44A5-9DC2-9F48FC44B81B}.Debug|Any CPU.ActiveCfg = Debug|Any CPU
		{24F4CEA9-EA79-44A5-9DC2-9F48FC44B81B}.Debug|Any CPU.Build.0 = Debug|Any CPU
		{24F4CEA9-EA79-44A5-9DC2-9F48FC44B81B}.Debug|x64.ActiveCfg = Debug|Any CPU
		{24F4CEA9-EA79-44A5-9DC2-9F48FC44B81B}.Debug|x64.Build.0 = Debug|Any CPU
		{24F4CEA9-EA79-44A5-9DC2-9F48FC44B81B}.Debug|x86.ActiveCfg = Debug|Any CPU
		{24F4CEA9-EA79-44A5-9DC2-9F48FC44B81B}.Debug|x86.Build.0 = Debug|Any CPU
		{24F4CEA9-EA79-44A5-9DC2-9F48FC44B81B}.Release|Any CPU.ActiveCfg = Release|Any CPU
		{24F4CEA9-EA79-44A5-9DC2-9F48FC44B81B}.Release|Any CPU.Build.0 = Release|Any CPU
		{24F4CEA9-EA79-44A5-9DC2-9F48FC44B81B}.Release|x64.ActiveCfg = Release|Any CPU
		{24F4CEA9-EA79-44A5-9DC2-9F48FC44B81B}.Release|x64.Build.0 = Release|Any CPU
		{24F4CEA9-EA79-44A5-9DC2-9F48FC44B81B}.Release|x86.ActiveCfg = Release|Any CPU
		{24F4CEA9-EA79-44A5-9DC2-9F48FC44B81B}.Release|x86.Build.0 = Release|Any CPU
		{A4D03DCA-B3CD-4B9A-B05A-9FAA1775BEEB}.Debug|Any CPU.ActiveCfg = Debug|Any CPU
		{A4D03DCA-B3CD-4B9A-B05A-9FAA1775BEEB}.Debug|Any CPU.Build.0 = Debug|Any CPU
		{A4D03DCA-B3CD-4B9A-B05A-9FAA1775BEEB}.Debug|x64.ActiveCfg = Debug|Any CPU
		{A4D03DCA-B3CD-4B9A-B05A-9FAA1775BEEB}.Debug|x64.Build.0 = Debug|Any CPU
		{A4D03DCA-B3CD-4B9A-B05A-9FAA1775BEEB}.Debug|x86.ActiveCfg = Debug|Any CPU
		{A4D03DCA-B3CD-4B9A-B05A-9FAA1775BEEB}.Debug|x86.Build.0 = Debug|Any CPU
		{A4D03DCA-B3CD-4B9A-B05A-9FAA1775BEEB}.Release|Any CPU.ActiveCfg = Release|Any CPU
		{A4D03DCA-B3CD-4B9A-B05A-9FAA1775BEEB}.Release|Any CPU.Build.0 = Release|Any CPU
		{A4D03DCA-B3CD-4B9A-B05A-9FAA1775BEEB}.Release|x64.ActiveCfg = Release|Any CPU
		{A4D03DCA-B3CD-4B9A-B05A-9FAA1775BEEB}.Release|x64.Build.0 = Release|Any CPU
		{A4D03DCA-B3CD-4B9A-B05A-9FAA1775BEEB}.Release|x86.ActiveCfg = Release|Any CPU
		{A4D03DCA-B3CD-4B9A-B05A-9FAA1775BEEB}.Release|x86.Build.0 = Release|Any CPU
		{D90FF532-FEEF-4E04-B26F-06F1BE02F970}.Debug|Any CPU.ActiveCfg = Debug|Any CPU
		{D90FF532-FEEF-4E04-B26F-06F1BE02F970}.Debug|Any CPU.Build.0 = Debug|Any CPU
		{D90FF532-FEEF-4E04-B26F-06F1BE02F970}.Debug|x64.ActiveCfg = Debug|Any CPU
		{D90FF532-FEEF-4E04-B26F-06F1BE02F970}.Debug|x64.Build.0 = Debug|Any CPU
		{D90FF532-FEEF-4E04-B26F-06F1BE02F970}.Debug|x86.ActiveCfg = Debug|Any CPU
		{D90FF532-FEEF-4E04-B26F-06F1BE02F970}.Debug|x86.Build.0 = Debug|Any CPU
		{D90FF532-FEEF-4E04-B26F-06F1BE02F970}.Release|Any CPU.ActiveCfg = Release|Any CPU
		{D90FF532-FEEF-4E04-B26F-06F1BE02F970}.Release|Any CPU.Build.0 = Release|Any CPU
		{D90FF532-FEEF-4E04-B26F-06F1BE02F970}.Release|x64.ActiveCfg = Release|Any CPU
		{D90FF532-FEEF-4E04-B26F-06F1BE02F970}.Release|x64.Build.0 = Release|Any CPU
		{D90FF532-FEEF-4E04-B26F-06F1BE02F970}.Release|x86.ActiveCfg = Release|Any CPU
		{D90FF532-FEEF-4E04-B26F-06F1BE02F970}.Release|x86.Build.0 = Release|Any CPU
		{65131673-0AF6-4AEE-8D2F-89DC5367A0D8}.Debug|Any CPU.ActiveCfg = Debug|Any CPU
		{65131673-0AF6-4AEE-8D2F-89DC5367A0D8}.Debug|Any CPU.Build.0 = Debug|Any CPU
		{65131673-0AF6-4AEE-8D2F-89DC5367A0D8}.Debug|x64.ActiveCfg = Debug|Any CPU
		{65131673-0AF6-4AEE-8D2F-89DC5367A0D8}.Debug|x64.Build.0 = Debug|Any CPU
		{65131673-0AF6-4AEE-8D2F-89DC5367A0D8}.Debug|x86.ActiveCfg = Debug|Any CPU
		{65131673-0AF6-4AEE-8D2F-89DC5367A0D8}.Debug|x86.Build.0 = Debug|Any CPU
		{65131673-0AF6-4AEE-8D2F-89DC5367A0D8}.Release|Any CPU.ActiveCfg = Release|Any CPU
		{65131673-0AF6-4AEE-8D2F-89DC5367A0D8}.Release|Any CPU.Build.0 = Release|Any CPU
		{65131673-0AF6-4AEE-8D2F-89DC5367A0D8}.Release|x64.ActiveCfg = Release|Any CPU
		{65131673-0AF6-4AEE-8D2F-89DC5367A0D8}.Release|x64.Build.0 = Release|Any CPU
		{65131673-0AF6-4AEE-8D2F-89DC5367A0D8}.Release|x86.ActiveCfg = Release|Any CPU
		{65131673-0AF6-4AEE-8D2F-89DC5367A0D8}.Release|x86.Build.0 = Release|Any CPU
		{46DB800E-A75D-459A-8609-4A31113707D7}.Debug|Any CPU.ActiveCfg = Debug|Any CPU
		{46DB800E-A75D-459A-8609-4A31113707D7}.Debug|Any CPU.Build.0 = Debug|Any CPU
		{46DB800E-A75D-459A-8609-4A31113707D7}.Debug|x64.ActiveCfg = Debug|Any CPU
		{46DB800E-A75D-459A-8609-4A31113707D7}.Debug|x64.Build.0 = Debug|Any CPU
		{46DB800E-A75D-459A-8609-4A31113707D7}.Debug|x86.ActiveCfg = Debug|Any CPU
		{46DB800E-A75D-459A-8609-4A31113707D7}.Debug|x86.Build.0 = Debug|Any CPU
		{46DB800E-A75D-459A-8609-4A31113707D7}.Release|Any CPU.ActiveCfg = Release|Any CPU
		{46DB800E-A75D-459A-8609-4A31113707D7}.Release|Any CPU.Build.0 = Release|Any CPU
		{46DB800E-A75D-459A-8609-4A31113707D7}.Release|x64.ActiveCfg = Release|Any CPU
		{46DB800E-A75D-459A-8609-4A31113707D7}.Release|x64.Build.0 = Release|Any CPU
		{46DB800E-A75D-459A-8609-4A31113707D7}.Release|x86.ActiveCfg = Release|Any CPU
		{46DB800E-A75D-459A-8609-4A31113707D7}.Release|x86.Build.0 = Release|Any CPU
		{6BD78BDA-20BE-41D0-ABE8-317A5AFAD513}.Debug|Any CPU.ActiveCfg = Debug|Any CPU
		{6BD78BDA-20BE-41D0-ABE8-317A5AFAD513}.Debug|Any CPU.Build.0 = Debug|Any CPU
		{6BD78BDA-20BE-41D0-ABE8-317A5AFAD513}.Debug|x64.ActiveCfg = Debug|Any CPU
		{6BD78BDA-20BE-41D0-ABE8-317A5AFAD513}.Debug|x64.Build.0 = Debug|Any CPU
		{6BD78BDA-20BE-41D0-ABE8-317A5AFAD513}.Debug|x86.ActiveCfg = Debug|Any CPU
		{6BD78BDA-20BE-41D0-ABE8-317A5AFAD513}.Debug|x86.Build.0 = Debug|Any CPU
		{6BD78BDA-20BE-41D0-ABE8-317A5AFAD513}.Release|Any CPU.ActiveCfg = Release|Any CPU
		{6BD78BDA-20BE-41D0-ABE8-317A5AFAD513}.Release|Any CPU.Build.0 = Release|Any CPU
		{6BD78BDA-20BE-41D0-ABE8-317A5AFAD513}.Release|x64.ActiveCfg = Release|Any CPU
		{6BD78BDA-20BE-41D0-ABE8-317A5AFAD513}.Release|x64.Build.0 = Release|Any CPU
		{6BD78BDA-20BE-41D0-ABE8-317A5AFAD513}.Release|x86.ActiveCfg = Release|Any CPU
		{6BD78BDA-20BE-41D0-ABE8-317A5AFAD513}.Release|x86.Build.0 = Release|Any CPU
		{C9A9EE63-5B52-450D-85CF-7F7B2E30DEA1}.Debug|Any CPU.ActiveCfg = Debug|Any CPU
		{C9A9EE63-5B52-450D-85CF-7F7B2E30DEA1}.Debug|Any CPU.Build.0 = Debug|Any CPU
		{C9A9EE63-5B52-450D-85CF-7F7B2E30DEA1}.Debug|x64.ActiveCfg = Debug|Any CPU
		{C9A9EE63-5B52-450D-85CF-7F7B2E30DEA1}.Debug|x64.Build.0 = Debug|Any CPU
		{C9A9EE63-5B52-450D-85CF-7F7B2E30DEA1}.Debug|x86.ActiveCfg = Debug|Any CPU
		{C9A9EE63-5B52-450D-85CF-7F7B2E30DEA1}.Debug|x86.Build.0 = Debug|Any CPU
		{C9A9EE63-5B52-450D-85CF-7F7B2E30DEA1}.Release|Any CPU.ActiveCfg = Release|Any CPU
		{C9A9EE63-5B52-450D-85CF-7F7B2E30DEA1}.Release|Any CPU.Build.0 = Release|Any CPU
		{C9A9EE63-5B52-450D-85CF-7F7B2E30DEA1}.Release|x64.ActiveCfg = Release|Any CPU
		{C9A9EE63-5B52-450D-85CF-7F7B2E30DEA1}.Release|x64.Build.0 = Release|Any CPU
		{C9A9EE63-5B52-450D-85CF-7F7B2E30DEA1}.Release|x86.ActiveCfg = Release|Any CPU
		{C9A9EE63-5B52-450D-85CF-7F7B2E30DEA1}.Release|x86.Build.0 = Release|Any CPU
		{4144D2B2-6B1E-481A-9971-72A32BAE733E}.Debug|Any CPU.ActiveCfg = Debug|Any CPU
		{4144D2B2-6B1E-481A-9971-72A32BAE733E}.Debug|Any CPU.Build.0 = Debug|Any CPU
		{4144D2B2-6B1E-481A-9971-72A32BAE733E}.Debug|x64.ActiveCfg = Debug|Any CPU
		{4144D2B2-6B1E-481A-9971-72A32BAE733E}.Debug|x64.Build.0 = Debug|Any CPU
		{4144D2B2-6B1E-481A-9971-72A32BAE733E}.Debug|x86.ActiveCfg = Debug|Any CPU
		{4144D2B2-6B1E-481A-9971-72A32BAE733E}.Debug|x86.Build.0 = Debug|Any CPU
		{4144D2B2-6B1E-481A-9971-72A32BAE733E}.Release|Any CPU.ActiveCfg = Release|Any CPU
		{4144D2B2-6B1E-481A-9971-72A32BAE733E}.Release|Any CPU.Build.0 = Release|Any CPU
		{4144D2B2-6B1E-481A-9971-72A32BAE733E}.Release|x64.ActiveCfg = Release|Any CPU
		{4144D2B2-6B1E-481A-9971-72A32BAE733E}.Release|x64.Build.0 = Release|Any CPU
		{4144D2B2-6B1E-481A-9971-72A32BAE733E}.Release|x86.ActiveCfg = Release|Any CPU
		{4144D2B2-6B1E-481A-9971-72A32BAE733E}.Release|x86.Build.0 = Release|Any CPU
		{7FC00A46-A0F7-4B53-97C3-05C38B82A3C7}.Debug|Any CPU.ActiveCfg = Debug|Any CPU
		{7FC00A46-A0F7-4B53-97C3-05C38B82A3C7}.Debug|Any CPU.Build.0 = Debug|Any CPU
		{7FC00A46-A0F7-4B53-97C3-05C38B82A3C7}.Debug|x64.ActiveCfg = Debug|Any CPU
		{7FC00A46-A0F7-4B53-97C3-05C38B82A3C7}.Debug|x64.Build.0 = Debug|Any CPU
		{7FC00A46-A0F7-4B53-97C3-05C38B82A3C7}.Debug|x86.ActiveCfg = Debug|Any CPU
		{7FC00A46-A0F7-4B53-97C3-05C38B82A3C7}.Debug|x86.Build.0 = Debug|Any CPU
		{7FC00A46-A0F7-4B53-97C3-05C38B82A3C7}.Release|Any CPU.ActiveCfg = Release|Any CPU
		{7FC00A46-A0F7-4B53-97C3-05C38B82A3C7}.Release|Any CPU.Build.0 = Release|Any CPU
		{7FC00A46-A0F7-4B53-97C3-05C38B82A3C7}.Release|x64.ActiveCfg = Release|Any CPU
		{7FC00A46-A0F7-4B53-97C3-05C38B82A3C7}.Release|x64.Build.0 = Release|Any CPU
		{7FC00A46-A0F7-4B53-97C3-05C38B82A3C7}.Release|x86.ActiveCfg = Release|Any CPU
		{7FC00A46-A0F7-4B53-97C3-05C38B82A3C7}.Release|x86.Build.0 = Release|Any CPU
		{78A5FC73-011F-485F-A038-4B90274A7F38}.Debug|Any CPU.ActiveCfg = Debug|Any CPU
		{78A5FC73-011F-485F-A038-4B90274A7F38}.Debug|Any CPU.Build.0 = Debug|Any CPU
		{78A5FC73-011F-485F-A038-4B90274A7F38}.Debug|x64.ActiveCfg = Debug|Any CPU
		{78A5FC73-011F-485F-A038-4B90274A7F38}.Debug|x64.Build.0 = Debug|Any CPU
		{78A5FC73-011F-485F-A038-4B90274A7F38}.Debug|x86.ActiveCfg = Debug|Any CPU
		{78A5FC73-011F-485F-A038-4B90274A7F38}.Debug|x86.Build.0 = Debug|Any CPU
		{78A5FC73-011F-485F-A038-4B90274A7F38}.Release|Any CPU.ActiveCfg = Release|Any CPU
		{78A5FC73-011F-485F-A038-4B90274A7F38}.Release|Any CPU.Build.0 = Release|Any CPU
		{78A5FC73-011F-485F-A038-4B90274A7F38}.Release|x64.ActiveCfg = Release|Any CPU
		{78A5FC73-011F-485F-A038-4B90274A7F38}.Release|x64.Build.0 = Release|Any CPU
		{78A5FC73-011F-485F-A038-4B90274A7F38}.Release|x86.ActiveCfg = Release|Any CPU
		{78A5FC73-011F-485F-A038-4B90274A7F38}.Release|x86.Build.0 = Release|Any CPU
		{A833591A-4EBB-4E70-B267-704BCBA1E68C}.Debug|Any CPU.ActiveCfg = Debug|Any CPU
		{A833591A-4EBB-4E70-B267-704BCBA1E68C}.Debug|Any CPU.Build.0 = Debug|Any CPU
		{A833591A-4EBB-4E70-B267-704BCBA1E68C}.Debug|x64.ActiveCfg = Debug|Any CPU
		{A833591A-4EBB-4E70-B267-704BCBA1E68C}.Debug|x64.Build.0 = Debug|Any CPU
		{A833591A-4EBB-4E70-B267-704BCBA1E68C}.Debug|x86.ActiveCfg = Debug|Any CPU
		{A833591A-4EBB-4E70-B267-704BCBA1E68C}.Debug|x86.Build.0 = Debug|Any CPU
		{A833591A-4EBB-4E70-B267-704BCBA1E68C}.Release|Any CPU.ActiveCfg = Release|Any CPU
		{A833591A-4EBB-4E70-B267-704BCBA1E68C}.Release|Any CPU.Build.0 = Release|Any CPU
		{A833591A-4EBB-4E70-B267-704BCBA1E68C}.Release|x64.ActiveCfg = Release|Any CPU
		{A833591A-4EBB-4E70-B267-704BCBA1E68C}.Release|x64.Build.0 = Release|Any CPU
		{A833591A-4EBB-4E70-B267-704BCBA1E68C}.Release|x86.ActiveCfg = Release|Any CPU
		{A833591A-4EBB-4E70-B267-704BCBA1E68C}.Release|x86.Build.0 = Release|Any CPU
		{DA6B3A0B-93F1-44D2-9DDA-9592381BEC86}.Debug|Any CPU.ActiveCfg = Debug|Any CPU
		{DA6B3A0B-93F1-44D2-9DDA-9592381BEC86}.Debug|Any CPU.Build.0 = Debug|Any CPU
		{DA6B3A0B-93F1-44D2-9DDA-9592381BEC86}.Debug|x64.ActiveCfg = Debug|Any CPU
		{DA6B3A0B-93F1-44D2-9DDA-9592381BEC86}.Debug|x64.Build.0 = Debug|Any CPU
		{DA6B3A0B-93F1-44D2-9DDA-9592381BEC86}.Debug|x86.ActiveCfg = Debug|Any CPU
		{DA6B3A0B-93F1-44D2-9DDA-9592381BEC86}.Debug|x86.Build.0 = Debug|Any CPU
		{DA6B3A0B-93F1-44D2-9DDA-9592381BEC86}.Release|Any CPU.ActiveCfg = Release|Any CPU
		{DA6B3A0B-93F1-44D2-9DDA-9592381BEC86}.Release|Any CPU.Build.0 = Release|Any CPU
		{DA6B3A0B-93F1-44D2-9DDA-9592381BEC86}.Release|x64.ActiveCfg = Release|Any CPU
		{DA6B3A0B-93F1-44D2-9DDA-9592381BEC86}.Release|x64.Build.0 = Release|Any CPU
		{DA6B3A0B-93F1-44D2-9DDA-9592381BEC86}.Release|x86.ActiveCfg = Release|Any CPU
		{DA6B3A0B-93F1-44D2-9DDA-9592381BEC86}.Release|x86.Build.0 = Release|Any CPU
		{A9604968-5108-4008-AC63-A1FBEB80CC8C}.Debug|Any CPU.ActiveCfg = Debug|Any CPU
		{A9604968-5108-4008-AC63-A1FBEB80CC8C}.Debug|Any CPU.Build.0 = Debug|Any CPU
		{A9604968-5108-4008-AC63-A1FBEB80CC8C}.Debug|x64.ActiveCfg = Debug|Any CPU
		{A9604968-5108-4008-AC63-A1FBEB80CC8C}.Debug|x64.Build.0 = Debug|Any CPU
		{A9604968-5108-4008-AC63-A1FBEB80CC8C}.Debug|x86.ActiveCfg = Debug|Any CPU
		{A9604968-5108-4008-AC63-A1FBEB80CC8C}.Debug|x86.Build.0 = Debug|Any CPU
		{A9604968-5108-4008-AC63-A1FBEB80CC8C}.Release|Any CPU.ActiveCfg = Release|Any CPU
		{A9604968-5108-4008-AC63-A1FBEB80CC8C}.Release|Any CPU.Build.0 = Release|Any CPU
		{A9604968-5108-4008-AC63-A1FBEB80CC8C}.Release|x64.ActiveCfg = Release|Any CPU
		{A9604968-5108-4008-AC63-A1FBEB80CC8C}.Release|x64.Build.0 = Release|Any CPU
		{A9604968-5108-4008-AC63-A1FBEB80CC8C}.Release|x86.ActiveCfg = Release|Any CPU
		{A9604968-5108-4008-AC63-A1FBEB80CC8C}.Release|x86.Build.0 = Release|Any CPU
		{C5BDBECF-2B78-4210-A8F2-0117F4068E7F}.Debug|Any CPU.ActiveCfg = Debug|Any CPU
		{C5BDBECF-2B78-4210-A8F2-0117F4068E7F}.Debug|Any CPU.Build.0 = Debug|Any CPU
		{C5BDBECF-2B78-4210-A8F2-0117F4068E7F}.Debug|x64.ActiveCfg = Debug|Any CPU
		{C5BDBECF-2B78-4210-A8F2-0117F4068E7F}.Debug|x64.Build.0 = Debug|Any CPU
		{C5BDBECF-2B78-4210-A8F2-0117F4068E7F}.Debug|x86.ActiveCfg = Debug|Any CPU
		{C5BDBECF-2B78-4210-A8F2-0117F4068E7F}.Debug|x86.Build.0 = Debug|Any CPU
		{C5BDBECF-2B78-4210-A8F2-0117F4068E7F}.Release|Any CPU.ActiveCfg = Release|Any CPU
		{C5BDBECF-2B78-4210-A8F2-0117F4068E7F}.Release|Any CPU.Build.0 = Release|Any CPU
		{C5BDBECF-2B78-4210-A8F2-0117F4068E7F}.Release|x64.ActiveCfg = Release|Any CPU
		{C5BDBECF-2B78-4210-A8F2-0117F4068E7F}.Release|x64.Build.0 = Release|Any CPU
		{C5BDBECF-2B78-4210-A8F2-0117F4068E7F}.Release|x86.ActiveCfg = Release|Any CPU
		{C5BDBECF-2B78-4210-A8F2-0117F4068E7F}.Release|x86.Build.0 = Release|Any CPU
		{7E18B006-4A6F-4676-ADF3-9F938A3F51A9}.Debug|Any CPU.ActiveCfg = Debug|Any CPU
		{7E18B006-4A6F-4676-ADF3-9F938A3F51A9}.Debug|Any CPU.Build.0 = Debug|Any CPU
		{7E18B006-4A6F-4676-ADF3-9F938A3F51A9}.Debug|x64.ActiveCfg = Debug|Any CPU
		{7E18B006-4A6F-4676-ADF3-9F938A3F51A9}.Debug|x64.Build.0 = Debug|Any CPU
		{7E18B006-4A6F-4676-ADF3-9F938A3F51A9}.Debug|x86.ActiveCfg = Debug|Any CPU
		{7E18B006-4A6F-4676-ADF3-9F938A3F51A9}.Debug|x86.Build.0 = Debug|Any CPU
		{7E18B006-4A6F-4676-ADF3-9F938A3F51A9}.Release|Any CPU.ActiveCfg = Release|Any CPU
		{7E18B006-4A6F-4676-ADF3-9F938A3F51A9}.Release|Any CPU.Build.0 = Release|Any CPU
		{7E18B006-4A6F-4676-ADF3-9F938A3F51A9}.Release|x64.ActiveCfg = Release|Any CPU
		{7E18B006-4A6F-4676-ADF3-9F938A3F51A9}.Release|x64.Build.0 = Release|Any CPU
		{7E18B006-4A6F-4676-ADF3-9F938A3F51A9}.Release|x86.ActiveCfg = Release|Any CPU
		{7E18B006-4A6F-4676-ADF3-9F938A3F51A9}.Release|x86.Build.0 = Release|Any CPU
		{AE705ED3-56D3-4698-8188-787A93EBBE73}.Debug|Any CPU.ActiveCfg = Debug|Any CPU
		{AE705ED3-56D3-4698-8188-787A93EBBE73}.Debug|Any CPU.Build.0 = Debug|Any CPU
		{AE705ED3-56D3-4698-8188-787A93EBBE73}.Debug|x64.ActiveCfg = Debug|Any CPU
		{AE705ED3-56D3-4698-8188-787A93EBBE73}.Debug|x64.Build.0 = Debug|Any CPU
		{AE705ED3-56D3-4698-8188-787A93EBBE73}.Debug|x86.ActiveCfg = Debug|Any CPU
		{AE705ED3-56D3-4698-8188-787A93EBBE73}.Debug|x86.Build.0 = Debug|Any CPU
		{AE705ED3-56D3-4698-8188-787A93EBBE73}.Release|Any CPU.ActiveCfg = Release|Any CPU
		{AE705ED3-56D3-4698-8188-787A93EBBE73}.Release|Any CPU.Build.0 = Release|Any CPU
		{AE705ED3-56D3-4698-8188-787A93EBBE73}.Release|x64.ActiveCfg = Release|Any CPU
		{AE705ED3-56D3-4698-8188-787A93EBBE73}.Release|x64.Build.0 = Release|Any CPU
		{AE705ED3-56D3-4698-8188-787A93EBBE73}.Release|x86.ActiveCfg = Release|Any CPU
		{AE705ED3-56D3-4698-8188-787A93EBBE73}.Release|x86.Build.0 = Release|Any CPU
		{12B26EED-437D-43A5-9923-6774F4506E84}.Debug|Any CPU.ActiveCfg = Debug|Any CPU
		{12B26EED-437D-43A5-9923-6774F4506E84}.Debug|Any CPU.Build.0 = Debug|Any CPU
		{12B26EED-437D-43A5-9923-6774F4506E84}.Debug|x64.ActiveCfg = Debug|Any CPU
		{12B26EED-437D-43A5-9923-6774F4506E84}.Debug|x64.Build.0 = Debug|Any CPU
		{12B26EED-437D-43A5-9923-6774F4506E84}.Debug|x86.ActiveCfg = Debug|Any CPU
		{12B26EED-437D-43A5-9923-6774F4506E84}.Debug|x86.Build.0 = Debug|Any CPU
		{12B26EED-437D-43A5-9923-6774F4506E84}.Release|Any CPU.ActiveCfg = Release|Any CPU
		{12B26EED-437D-43A5-9923-6774F4506E84}.Release|Any CPU.Build.0 = Release|Any CPU
		{12B26EED-437D-43A5-9923-6774F4506E84}.Release|x64.ActiveCfg = Release|Any CPU
		{12B26EED-437D-43A5-9923-6774F4506E84}.Release|x64.Build.0 = Release|Any CPU
		{12B26EED-437D-43A5-9923-6774F4506E84}.Release|x86.ActiveCfg = Release|Any CPU
		{12B26EED-437D-43A5-9923-6774F4506E84}.Release|x86.Build.0 = Release|Any CPU
		{6C735C8A-C1B4-4F28-B04D-A37B35FFE079}.Debug|Any CPU.ActiveCfg = Debug|Any CPU
		{6C735C8A-C1B4-4F28-B04D-A37B35FFE079}.Debug|Any CPU.Build.0 = Debug|Any CPU
		{6C735C8A-C1B4-4F28-B04D-A37B35FFE079}.Debug|x64.ActiveCfg = Debug|Any CPU
		{6C735C8A-C1B4-4F28-B04D-A37B35FFE079}.Debug|x64.Build.0 = Debug|Any CPU
		{6C735C8A-C1B4-4F28-B04D-A37B35FFE079}.Debug|x86.ActiveCfg = Debug|Any CPU
		{6C735C8A-C1B4-4F28-B04D-A37B35FFE079}.Debug|x86.Build.0 = Debug|Any CPU
		{6C735C8A-C1B4-4F28-B04D-A37B35FFE079}.Release|Any CPU.ActiveCfg = Release|Any CPU
		{6C735C8A-C1B4-4F28-B04D-A37B35FFE079}.Release|Any CPU.Build.0 = Release|Any CPU
		{6C735C8A-C1B4-4F28-B04D-A37B35FFE079}.Release|x64.ActiveCfg = Release|Any CPU
		{6C735C8A-C1B4-4F28-B04D-A37B35FFE079}.Release|x64.Build.0 = Release|Any CPU
		{6C735C8A-C1B4-4F28-B04D-A37B35FFE079}.Release|x86.ActiveCfg = Release|Any CPU
		{6C735C8A-C1B4-4F28-B04D-A37B35FFE079}.Release|x86.Build.0 = Release|Any CPU
		{E614C936-6533-4A8D-B5B2-51D2C03810E1}.Debug|Any CPU.ActiveCfg = Debug|Any CPU
		{E614C936-6533-4A8D-B5B2-51D2C03810E1}.Debug|Any CPU.Build.0 = Debug|Any CPU
		{E614C936-6533-4A8D-B5B2-51D2C03810E1}.Debug|x64.ActiveCfg = Debug|Any CPU
		{E614C936-6533-4A8D-B5B2-51D2C03810E1}.Debug|x64.Build.0 = Debug|Any CPU
		{E614C936-6533-4A8D-B5B2-51D2C03810E1}.Debug|x86.ActiveCfg = Debug|Any CPU
		{E614C936-6533-4A8D-B5B2-51D2C03810E1}.Debug|x86.Build.0 = Debug|Any CPU
		{E614C936-6533-4A8D-B5B2-51D2C03810E1}.Release|Any CPU.ActiveCfg = Release|Any CPU
		{E614C936-6533-4A8D-B5B2-51D2C03810E1}.Release|Any CPU.Build.0 = Release|Any CPU
		{E614C936-6533-4A8D-B5B2-51D2C03810E1}.Release|x64.ActiveCfg = Release|Any CPU
		{E614C936-6533-4A8D-B5B2-51D2C03810E1}.Release|x64.Build.0 = Release|Any CPU
		{E614C936-6533-4A8D-B5B2-51D2C03810E1}.Release|x86.ActiveCfg = Release|Any CPU
		{E614C936-6533-4A8D-B5B2-51D2C03810E1}.Release|x86.Build.0 = Release|Any CPU
		{E5F5438C-481A-4E6C-9CFA-0F1BF9661985}.Debug|Any CPU.ActiveCfg = Debug|Any CPU
		{E5F5438C-481A-4E6C-9CFA-0F1BF9661985}.Debug|Any CPU.Build.0 = Debug|Any CPU
		{E5F5438C-481A-4E6C-9CFA-0F1BF9661985}.Debug|x64.ActiveCfg = Debug|Any CPU
		{E5F5438C-481A-4E6C-9CFA-0F1BF9661985}.Debug|x64.Build.0 = Debug|Any CPU
		{E5F5438C-481A-4E6C-9CFA-0F1BF9661985}.Debug|x86.ActiveCfg = Debug|Any CPU
		{E5F5438C-481A-4E6C-9CFA-0F1BF9661985}.Debug|x86.Build.0 = Debug|Any CPU
		{E5F5438C-481A-4E6C-9CFA-0F1BF9661985}.Release|Any CPU.ActiveCfg = Release|Any CPU
		{E5F5438C-481A-4E6C-9CFA-0F1BF9661985}.Release|Any CPU.Build.0 = Release|Any CPU
		{E5F5438C-481A-4E6C-9CFA-0F1BF9661985}.Release|x64.ActiveCfg = Release|Any CPU
		{E5F5438C-481A-4E6C-9CFA-0F1BF9661985}.Release|x64.Build.0 = Release|Any CPU
		{E5F5438C-481A-4E6C-9CFA-0F1BF9661985}.Release|x86.ActiveCfg = Release|Any CPU
		{E5F5438C-481A-4E6C-9CFA-0F1BF9661985}.Release|x86.Build.0 = Release|Any CPU
		{51B1B4BA-D579-4427-8036-66C9610346D5}.Debug|Any CPU.ActiveCfg = Debug|Any CPU
		{51B1B4BA-D579-4427-8036-66C9610346D5}.Debug|Any CPU.Build.0 = Debug|Any CPU
		{51B1B4BA-D579-4427-8036-66C9610346D5}.Debug|x64.ActiveCfg = Debug|Any CPU
		{51B1B4BA-D579-4427-8036-66C9610346D5}.Debug|x64.Build.0 = Debug|Any CPU
		{51B1B4BA-D579-4427-8036-66C9610346D5}.Debug|x86.ActiveCfg = Debug|Any CPU
		{51B1B4BA-D579-4427-8036-66C9610346D5}.Debug|x86.Build.0 = Debug|Any CPU
		{51B1B4BA-D579-4427-8036-66C9610346D5}.Release|Any CPU.ActiveCfg = Release|Any CPU
		{51B1B4BA-D579-4427-8036-66C9610346D5}.Release|Any CPU.Build.0 = Release|Any CPU
		{51B1B4BA-D579-4427-8036-66C9610346D5}.Release|x64.ActiveCfg = Release|Any CPU
		{51B1B4BA-D579-4427-8036-66C9610346D5}.Release|x64.Build.0 = Release|Any CPU
		{51B1B4BA-D579-4427-8036-66C9610346D5}.Release|x86.ActiveCfg = Release|Any CPU
		{51B1B4BA-D579-4427-8036-66C9610346D5}.Release|x86.Build.0 = Release|Any CPU
		{898F5E44-0059-45B3-A845-CF81C6EC7224}.Debug|Any CPU.ActiveCfg = Debug|Any CPU
		{898F5E44-0059-45B3-A845-CF81C6EC7224}.Debug|Any CPU.Build.0 = Debug|Any CPU
		{898F5E44-0059-45B3-A845-CF81C6EC7224}.Debug|x64.ActiveCfg = Debug|Any CPU
		{898F5E44-0059-45B3-A845-CF81C6EC7224}.Debug|x64.Build.0 = Debug|Any CPU
		{898F5E44-0059-45B3-A845-CF81C6EC7224}.Debug|x86.ActiveCfg = Debug|Any CPU
		{898F5E44-0059-45B3-A845-CF81C6EC7224}.Debug|x86.Build.0 = Debug|Any CPU
		{898F5E44-0059-45B3-A845-CF81C6EC7224}.Release|Any CPU.ActiveCfg = Release|Any CPU
		{898F5E44-0059-45B3-A845-CF81C6EC7224}.Release|Any CPU.Build.0 = Release|Any CPU
		{898F5E44-0059-45B3-A845-CF81C6EC7224}.Release|x64.ActiveCfg = Release|Any CPU
		{898F5E44-0059-45B3-A845-CF81C6EC7224}.Release|x64.Build.0 = Release|Any CPU
		{898F5E44-0059-45B3-A845-CF81C6EC7224}.Release|x86.ActiveCfg = Release|Any CPU
		{898F5E44-0059-45B3-A845-CF81C6EC7224}.Release|x86.Build.0 = Release|Any CPU
		{788D8905-55A3-48BD-817D-5EBAA4901E19}.Debug|Any CPU.ActiveCfg = Debug|Any CPU
		{788D8905-55A3-48BD-817D-5EBAA4901E19}.Debug|Any CPU.Build.0 = Debug|Any CPU
		{788D8905-55A3-48BD-817D-5EBAA4901E19}.Debug|x64.ActiveCfg = Debug|Any CPU
		{788D8905-55A3-48BD-817D-5EBAA4901E19}.Debug|x64.Build.0 = Debug|Any CPU
		{788D8905-55A3-48BD-817D-5EBAA4901E19}.Debug|x86.ActiveCfg = Debug|Any CPU
		{788D8905-55A3-48BD-817D-5EBAA4901E19}.Debug|x86.Build.0 = Debug|Any CPU
		{788D8905-55A3-48BD-817D-5EBAA4901E19}.Release|Any CPU.ActiveCfg = Release|Any CPU
		{788D8905-55A3-48BD-817D-5EBAA4901E19}.Release|Any CPU.Build.0 = Release|Any CPU
		{788D8905-55A3-48BD-817D-5EBAA4901E19}.Release|x64.ActiveCfg = Release|Any CPU
		{788D8905-55A3-48BD-817D-5EBAA4901E19}.Release|x64.Build.0 = Release|Any CPU
		{788D8905-55A3-48BD-817D-5EBAA4901E19}.Release|x86.ActiveCfg = Release|Any CPU
		{788D8905-55A3-48BD-817D-5EBAA4901E19}.Release|x86.Build.0 = Release|Any CPU
		{C7369422-C28A-4389-86DB-0DEDBF159056}.Debug|Any CPU.ActiveCfg = Debug|Any CPU
		{C7369422-C28A-4389-86DB-0DEDBF159056}.Debug|Any CPU.Build.0 = Debug|Any CPU
		{C7369422-C28A-4389-86DB-0DEDBF159056}.Debug|x64.ActiveCfg = Debug|Any CPU
		{C7369422-C28A-4389-86DB-0DEDBF159056}.Debug|x64.Build.0 = Debug|Any CPU
		{C7369422-C28A-4389-86DB-0DEDBF159056}.Debug|x86.ActiveCfg = Debug|Any CPU
		{C7369422-C28A-4389-86DB-0DEDBF159056}.Debug|x86.Build.0 = Debug|Any CPU
		{C7369422-C28A-4389-86DB-0DEDBF159056}.Release|Any CPU.ActiveCfg = Release|Any CPU
		{C7369422-C28A-4389-86DB-0DEDBF159056}.Release|Any CPU.Build.0 = Release|Any CPU
		{C7369422-C28A-4389-86DB-0DEDBF159056}.Release|x64.ActiveCfg = Release|Any CPU
		{C7369422-C28A-4389-86DB-0DEDBF159056}.Release|x64.Build.0 = Release|Any CPU
		{C7369422-C28A-4389-86DB-0DEDBF159056}.Release|x86.ActiveCfg = Release|Any CPU
		{C7369422-C28A-4389-86DB-0DEDBF159056}.Release|x86.Build.0 = Release|Any CPU
		{3938472E-1C31-4F6F-9E3B-7452ED3802B2}.Debug|Any CPU.ActiveCfg = Debug|Any CPU
		{3938472E-1C31-4F6F-9E3B-7452ED3802B2}.Debug|Any CPU.Build.0 = Debug|Any CPU
		{3938472E-1C31-4F6F-9E3B-7452ED3802B2}.Debug|x64.ActiveCfg = Debug|Any CPU
		{3938472E-1C31-4F6F-9E3B-7452ED3802B2}.Debug|x64.Build.0 = Debug|Any CPU
		{3938472E-1C31-4F6F-9E3B-7452ED3802B2}.Debug|x86.ActiveCfg = Debug|Any CPU
		{3938472E-1C31-4F6F-9E3B-7452ED3802B2}.Debug|x86.Build.0 = Debug|Any CPU
		{3938472E-1C31-4F6F-9E3B-7452ED3802B2}.Release|Any CPU.ActiveCfg = Release|Any CPU
		{3938472E-1C31-4F6F-9E3B-7452ED3802B2}.Release|Any CPU.Build.0 = Release|Any CPU
		{3938472E-1C31-4F6F-9E3B-7452ED3802B2}.Release|x64.ActiveCfg = Release|Any CPU
		{3938472E-1C31-4F6F-9E3B-7452ED3802B2}.Release|x64.Build.0 = Release|Any CPU
		{3938472E-1C31-4F6F-9E3B-7452ED3802B2}.Release|x86.ActiveCfg = Release|Any CPU
		{3938472E-1C31-4F6F-9E3B-7452ED3802B2}.Release|x86.Build.0 = Release|Any CPU
		{A8B3AEB3-94CD-457D-8A9E-DB75E1D0E588}.Debug|Any CPU.ActiveCfg = Debug|Any CPU
		{A8B3AEB3-94CD-457D-8A9E-DB75E1D0E588}.Debug|Any CPU.Build.0 = Debug|Any CPU
		{A8B3AEB3-94CD-457D-8A9E-DB75E1D0E588}.Debug|x64.ActiveCfg = Debug|Any CPU
		{A8B3AEB3-94CD-457D-8A9E-DB75E1D0E588}.Debug|x64.Build.0 = Debug|Any CPU
		{A8B3AEB3-94CD-457D-8A9E-DB75E1D0E588}.Debug|x86.ActiveCfg = Debug|Any CPU
		{A8B3AEB3-94CD-457D-8A9E-DB75E1D0E588}.Debug|x86.Build.0 = Debug|Any CPU
		{A8B3AEB3-94CD-457D-8A9E-DB75E1D0E588}.Release|Any CPU.ActiveCfg = Release|Any CPU
		{A8B3AEB3-94CD-457D-8A9E-DB75E1D0E588}.Release|Any CPU.Build.0 = Release|Any CPU
		{A8B3AEB3-94CD-457D-8A9E-DB75E1D0E588}.Release|x64.ActiveCfg = Release|Any CPU
		{A8B3AEB3-94CD-457D-8A9E-DB75E1D0E588}.Release|x64.Build.0 = Release|Any CPU
		{A8B3AEB3-94CD-457D-8A9E-DB75E1D0E588}.Release|x86.ActiveCfg = Release|Any CPU
		{A8B3AEB3-94CD-457D-8A9E-DB75E1D0E588}.Release|x86.Build.0 = Release|Any CPU
		{32076338-6AFA-4283-8D4E-9C2334CAF4E3}.Debug|Any CPU.ActiveCfg = Debug|Any CPU
		{32076338-6AFA-4283-8D4E-9C2334CAF4E3}.Debug|Any CPU.Build.0 = Debug|Any CPU
		{32076338-6AFA-4283-8D4E-9C2334CAF4E3}.Debug|x64.ActiveCfg = Debug|Any CPU
		{32076338-6AFA-4283-8D4E-9C2334CAF4E3}.Debug|x64.Build.0 = Debug|Any CPU
		{32076338-6AFA-4283-8D4E-9C2334CAF4E3}.Debug|x86.ActiveCfg = Debug|Any CPU
		{32076338-6AFA-4283-8D4E-9C2334CAF4E3}.Debug|x86.Build.0 = Debug|Any CPU
		{32076338-6AFA-4283-8D4E-9C2334CAF4E3}.Release|Any CPU.ActiveCfg = Release|Any CPU
		{32076338-6AFA-4283-8D4E-9C2334CAF4E3}.Release|Any CPU.Build.0 = Release|Any CPU
		{32076338-6AFA-4283-8D4E-9C2334CAF4E3}.Release|x64.ActiveCfg = Release|Any CPU
		{32076338-6AFA-4283-8D4E-9C2334CAF4E3}.Release|x64.Build.0 = Release|Any CPU
		{32076338-6AFA-4283-8D4E-9C2334CAF4E3}.Release|x86.ActiveCfg = Release|Any CPU
		{32076338-6AFA-4283-8D4E-9C2334CAF4E3}.Release|x86.Build.0 = Release|Any CPU
		{67D9FFC3-A8F2-4C10-B807-BDE1A57C0CCF}.Debug|Any CPU.ActiveCfg = Debug|Any CPU
		{67D9FFC3-A8F2-4C10-B807-BDE1A57C0CCF}.Debug|Any CPU.Build.0 = Debug|Any CPU
		{67D9FFC3-A8F2-4C10-B807-BDE1A57C0CCF}.Debug|x64.ActiveCfg = Debug|Any CPU
		{67D9FFC3-A8F2-4C10-B807-BDE1A57C0CCF}.Debug|x64.Build.0 = Debug|Any CPU
		{67D9FFC3-A8F2-4C10-B807-BDE1A57C0CCF}.Debug|x86.ActiveCfg = Debug|Any CPU
		{67D9FFC3-A8F2-4C10-B807-BDE1A57C0CCF}.Debug|x86.Build.0 = Debug|Any CPU
		{67D9FFC3-A8F2-4C10-B807-BDE1A57C0CCF}.Release|Any CPU.ActiveCfg = Release|Any CPU
		{67D9FFC3-A8F2-4C10-B807-BDE1A57C0CCF}.Release|Any CPU.Build.0 = Release|Any CPU
		{67D9FFC3-A8F2-4C10-B807-BDE1A57C0CCF}.Release|x64.ActiveCfg = Release|Any CPU
		{67D9FFC3-A8F2-4C10-B807-BDE1A57C0CCF}.Release|x64.Build.0 = Release|Any CPU
		{67D9FFC3-A8F2-4C10-B807-BDE1A57C0CCF}.Release|x86.ActiveCfg = Release|Any CPU
		{67D9FFC3-A8F2-4C10-B807-BDE1A57C0CCF}.Release|x86.Build.0 = Release|Any CPU
		{D57F3F0D-B057-435A-A5F9-FC78D66F1C92}.Debug|Any CPU.ActiveCfg = Debug|Any CPU
		{D57F3F0D-B057-435A-A5F9-FC78D66F1C92}.Debug|Any CPU.Build.0 = Debug|Any CPU
		{D57F3F0D-B057-435A-A5F9-FC78D66F1C92}.Debug|x64.ActiveCfg = Debug|Any CPU
		{D57F3F0D-B057-435A-A5F9-FC78D66F1C92}.Debug|x64.Build.0 = Debug|Any CPU
		{D57F3F0D-B057-435A-A5F9-FC78D66F1C92}.Debug|x86.ActiveCfg = Debug|Any CPU
		{D57F3F0D-B057-435A-A5F9-FC78D66F1C92}.Debug|x86.Build.0 = Debug|Any CPU
		{D57F3F0D-B057-435A-A5F9-FC78D66F1C92}.Release|Any CPU.ActiveCfg = Release|Any CPU
		{D57F3F0D-B057-435A-A5F9-FC78D66F1C92}.Release|Any CPU.Build.0 = Release|Any CPU
		{D57F3F0D-B057-435A-A5F9-FC78D66F1C92}.Release|x64.ActiveCfg = Release|Any CPU
		{D57F3F0D-B057-435A-A5F9-FC78D66F1C92}.Release|x64.Build.0 = Release|Any CPU
		{D57F3F0D-B057-435A-A5F9-FC78D66F1C92}.Release|x86.ActiveCfg = Release|Any CPU
		{D57F3F0D-B057-435A-A5F9-FC78D66F1C92}.Release|x86.Build.0 = Release|Any CPU
		{039833C7-9522-47F2-BC07-B2AB5204615E}.Debug|Any CPU.ActiveCfg = Debug|Any CPU
		{039833C7-9522-47F2-BC07-B2AB5204615E}.Debug|Any CPU.Build.0 = Debug|Any CPU
		{039833C7-9522-47F2-BC07-B2AB5204615E}.Debug|x64.ActiveCfg = Debug|Any CPU
		{039833C7-9522-47F2-BC07-B2AB5204615E}.Debug|x64.Build.0 = Debug|Any CPU
		{039833C7-9522-47F2-BC07-B2AB5204615E}.Debug|x86.ActiveCfg = Debug|Any CPU
		{039833C7-9522-47F2-BC07-B2AB5204615E}.Debug|x86.Build.0 = Debug|Any CPU
		{039833C7-9522-47F2-BC07-B2AB5204615E}.Release|Any CPU.ActiveCfg = Release|Any CPU
		{039833C7-9522-47F2-BC07-B2AB5204615E}.Release|Any CPU.Build.0 = Release|Any CPU
		{039833C7-9522-47F2-BC07-B2AB5204615E}.Release|x64.ActiveCfg = Release|Any CPU
		{039833C7-9522-47F2-BC07-B2AB5204615E}.Release|x64.Build.0 = Release|Any CPU
		{039833C7-9522-47F2-BC07-B2AB5204615E}.Release|x86.ActiveCfg = Release|Any CPU
		{039833C7-9522-47F2-BC07-B2AB5204615E}.Release|x86.Build.0 = Release|Any CPU
		{0A07A9C3-CD30-485C-A2F1-322FC9CC4F9D}.Debug|Any CPU.ActiveCfg = Debug|Any CPU
		{0A07A9C3-CD30-485C-A2F1-322FC9CC4F9D}.Debug|Any CPU.Build.0 = Debug|Any CPU
		{0A07A9C3-CD30-485C-A2F1-322FC9CC4F9D}.Debug|x64.ActiveCfg = Debug|Any CPU
		{0A07A9C3-CD30-485C-A2F1-322FC9CC4F9D}.Debug|x64.Build.0 = Debug|Any CPU
		{0A07A9C3-CD30-485C-A2F1-322FC9CC4F9D}.Debug|x86.ActiveCfg = Debug|Any CPU
		{0A07A9C3-CD30-485C-A2F1-322FC9CC4F9D}.Debug|x86.Build.0 = Debug|Any CPU
		{0A07A9C3-CD30-485C-A2F1-322FC9CC4F9D}.Release|Any CPU.ActiveCfg = Release|Any CPU
		{0A07A9C3-CD30-485C-A2F1-322FC9CC4F9D}.Release|Any CPU.Build.0 = Release|Any CPU
		{0A07A9C3-CD30-485C-A2F1-322FC9CC4F9D}.Release|x64.ActiveCfg = Release|Any CPU
		{0A07A9C3-CD30-485C-A2F1-322FC9CC4F9D}.Release|x64.Build.0 = Release|Any CPU
		{0A07A9C3-CD30-485C-A2F1-322FC9CC4F9D}.Release|x86.ActiveCfg = Release|Any CPU
		{0A07A9C3-CD30-485C-A2F1-322FC9CC4F9D}.Release|x86.Build.0 = Release|Any CPU
		{8748C078-B9A1-491C-A70D-55A6330C06D4}.Debug|Any CPU.ActiveCfg = Debug|Any CPU
		{8748C078-B9A1-491C-A70D-55A6330C06D4}.Debug|Any CPU.Build.0 = Debug|Any CPU
		{8748C078-B9A1-491C-A70D-55A6330C06D4}.Debug|x64.ActiveCfg = Debug|Any CPU
		{8748C078-B9A1-491C-A70D-55A6330C06D4}.Debug|x64.Build.0 = Debug|Any CPU
		{8748C078-B9A1-491C-A70D-55A6330C06D4}.Debug|x86.ActiveCfg = Debug|Any CPU
		{8748C078-B9A1-491C-A70D-55A6330C06D4}.Debug|x86.Build.0 = Debug|Any CPU
		{8748C078-B9A1-491C-A70D-55A6330C06D4}.Release|Any CPU.ActiveCfg = Release|Any CPU
		{8748C078-B9A1-491C-A70D-55A6330C06D4}.Release|Any CPU.Build.0 = Release|Any CPU
		{8748C078-B9A1-491C-A70D-55A6330C06D4}.Release|x64.ActiveCfg = Release|Any CPU
		{8748C078-B9A1-491C-A70D-55A6330C06D4}.Release|x64.Build.0 = Release|Any CPU
		{8748C078-B9A1-491C-A70D-55A6330C06D4}.Release|x86.ActiveCfg = Release|Any CPU
		{8748C078-B9A1-491C-A70D-55A6330C06D4}.Release|x86.Build.0 = Release|Any CPU
		{6D59B026-7A4D-4C21-8D92-1DC1E5940680}.Debug|Any CPU.ActiveCfg = Debug|Any CPU
		{6D59B026-7A4D-4C21-8D92-1DC1E5940680}.Debug|Any CPU.Build.0 = Debug|Any CPU
		{6D59B026-7A4D-4C21-8D92-1DC1E5940680}.Debug|x64.ActiveCfg = Debug|Any CPU
		{6D59B026-7A4D-4C21-8D92-1DC1E5940680}.Debug|x64.Build.0 = Debug|Any CPU
		{6D59B026-7A4D-4C21-8D92-1DC1E5940680}.Debug|x86.ActiveCfg = Debug|Any CPU
		{6D59B026-7A4D-4C21-8D92-1DC1E5940680}.Debug|x86.Build.0 = Debug|Any CPU
		{6D59B026-7A4D-4C21-8D92-1DC1E5940680}.Release|Any CPU.ActiveCfg = Release|Any CPU
		{6D59B026-7A4D-4C21-8D92-1DC1E5940680}.Release|Any CPU.Build.0 = Release|Any CPU
		{6D59B026-7A4D-4C21-8D92-1DC1E5940680}.Release|x64.ActiveCfg = Release|Any CPU
		{6D59B026-7A4D-4C21-8D92-1DC1E5940680}.Release|x64.Build.0 = Release|Any CPU
		{6D59B026-7A4D-4C21-8D92-1DC1E5940680}.Release|x86.ActiveCfg = Release|Any CPU
		{6D59B026-7A4D-4C21-8D92-1DC1E5940680}.Release|x86.Build.0 = Release|Any CPU
		{7CEE9E63-A6AE-4A03-BEB0-4A2ABCA466DD}.Debug|Any CPU.ActiveCfg = Debug|Any CPU
		{7CEE9E63-A6AE-4A03-BEB0-4A2ABCA466DD}.Debug|Any CPU.Build.0 = Debug|Any CPU
		{7CEE9E63-A6AE-4A03-BEB0-4A2ABCA466DD}.Debug|x64.ActiveCfg = Debug|Any CPU
		{7CEE9E63-A6AE-4A03-BEB0-4A2ABCA466DD}.Debug|x64.Build.0 = Debug|Any CPU
		{7CEE9E63-A6AE-4A03-BEB0-4A2ABCA466DD}.Debug|x86.ActiveCfg = Debug|Any CPU
		{7CEE9E63-A6AE-4A03-BEB0-4A2ABCA466DD}.Debug|x86.Build.0 = Debug|Any CPU
		{7CEE9E63-A6AE-4A03-BEB0-4A2ABCA466DD}.Release|Any CPU.ActiveCfg = Release|Any CPU
		{7CEE9E63-A6AE-4A03-BEB0-4A2ABCA466DD}.Release|Any CPU.Build.0 = Release|Any CPU
		{7CEE9E63-A6AE-4A03-BEB0-4A2ABCA466DD}.Release|x64.ActiveCfg = Release|Any CPU
		{7CEE9E63-A6AE-4A03-BEB0-4A2ABCA466DD}.Release|x64.Build.0 = Release|Any CPU
		{7CEE9E63-A6AE-4A03-BEB0-4A2ABCA466DD}.Release|x86.ActiveCfg = Release|Any CPU
		{7CEE9E63-A6AE-4A03-BEB0-4A2ABCA466DD}.Release|x86.Build.0 = Release|Any CPU
		{9829CD83-9168-4978-A63F-17D38715978E}.Debug|Any CPU.ActiveCfg = Debug|Any CPU
		{9829CD83-9168-4978-A63F-17D38715978E}.Debug|Any CPU.Build.0 = Debug|Any CPU
		{9829CD83-9168-4978-A63F-17D38715978E}.Debug|x64.ActiveCfg = Debug|Any CPU
		{9829CD83-9168-4978-A63F-17D38715978E}.Debug|x64.Build.0 = Debug|Any CPU
		{9829CD83-9168-4978-A63F-17D38715978E}.Debug|x86.ActiveCfg = Debug|Any CPU
		{9829CD83-9168-4978-A63F-17D38715978E}.Debug|x86.Build.0 = Debug|Any CPU
		{9829CD83-9168-4978-A63F-17D38715978E}.Release|Any CPU.ActiveCfg = Release|Any CPU
		{9829CD83-9168-4978-A63F-17D38715978E}.Release|Any CPU.Build.0 = Release|Any CPU
		{9829CD83-9168-4978-A63F-17D38715978E}.Release|x64.ActiveCfg = Release|Any CPU
		{9829CD83-9168-4978-A63F-17D38715978E}.Release|x64.Build.0 = Release|Any CPU
		{9829CD83-9168-4978-A63F-17D38715978E}.Release|x86.ActiveCfg = Release|Any CPU
		{9829CD83-9168-4978-A63F-17D38715978E}.Release|x86.Build.0 = Release|Any CPU
		{D85D6D13-0393-4FC9-9114-C658F36C00EE}.Debug|Any CPU.ActiveCfg = Debug|Any CPU
		{D85D6D13-0393-4FC9-9114-C658F36C00EE}.Debug|Any CPU.Build.0 = Debug|Any CPU
		{D85D6D13-0393-4FC9-9114-C658F36C00EE}.Debug|x64.ActiveCfg = Debug|x64
		{D85D6D13-0393-4FC9-9114-C658F36C00EE}.Debug|x64.Build.0 = Debug|x64
		{D85D6D13-0393-4FC9-9114-C658F36C00EE}.Debug|x86.ActiveCfg = Debug|x86
		{D85D6D13-0393-4FC9-9114-C658F36C00EE}.Debug|x86.Build.0 = Debug|x86
		{D85D6D13-0393-4FC9-9114-C658F36C00EE}.Release|Any CPU.ActiveCfg = Release|Any CPU
		{D85D6D13-0393-4FC9-9114-C658F36C00EE}.Release|Any CPU.Build.0 = Release|Any CPU
		{D85D6D13-0393-4FC9-9114-C658F36C00EE}.Release|x64.ActiveCfg = Release|x64
		{D85D6D13-0393-4FC9-9114-C658F36C00EE}.Release|x64.Build.0 = Release|x64
		{D85D6D13-0393-4FC9-9114-C658F36C00EE}.Release|x86.ActiveCfg = Release|x86
		{D85D6D13-0393-4FC9-9114-C658F36C00EE}.Release|x86.Build.0 = Release|x86
		{559FEDC6-036F-486C-B99D-B0CFA32D3525}.Debug|Any CPU.ActiveCfg = Debug|Any CPU
		{559FEDC6-036F-486C-B99D-B0CFA32D3525}.Debug|Any CPU.Build.0 = Debug|Any CPU
		{559FEDC6-036F-486C-B99D-B0CFA32D3525}.Debug|x64.ActiveCfg = Debug|Any CPU
		{559FEDC6-036F-486C-B99D-B0CFA32D3525}.Debug|x64.Build.0 = Debug|Any CPU
		{559FEDC6-036F-486C-B99D-B0CFA32D3525}.Debug|x86.ActiveCfg = Debug|Any CPU
		{559FEDC6-036F-486C-B99D-B0CFA32D3525}.Debug|x86.Build.0 = Debug|Any CPU
		{559FEDC6-036F-486C-B99D-B0CFA32D3525}.Release|Any CPU.ActiveCfg = Release|Any CPU
		{559FEDC6-036F-486C-B99D-B0CFA32D3525}.Release|Any CPU.Build.0 = Release|Any CPU
		{559FEDC6-036F-486C-B99D-B0CFA32D3525}.Release|x64.ActiveCfg = Release|Any CPU
		{559FEDC6-036F-486C-B99D-B0CFA32D3525}.Release|x64.Build.0 = Release|Any CPU
		{559FEDC6-036F-486C-B99D-B0CFA32D3525}.Release|x86.ActiveCfg = Release|Any CPU
		{559FEDC6-036F-486C-B99D-B0CFA32D3525}.Release|x86.Build.0 = Release|Any CPU
	EndGlobalSection
	GlobalSection(SolutionProperties) = preSolution
		HideSolutionNode = FALSE
	EndGlobalSection
	GlobalSection(NestedProjects) = preSolution
		{51B1B4BA-D579-4427-8036-66C9610346D5} = {4633967C-CECA-4AAF-AEB4-A81C0AA97C18}
		{898F5E44-0059-45B3-A845-CF81C6EC7224} = {4633967C-CECA-4AAF-AEB4-A81C0AA97C18}
		{788D8905-55A3-48BD-817D-5EBAA4901E19} = {4633967C-CECA-4AAF-AEB4-A81C0AA97C18}
		{C7369422-C28A-4389-86DB-0DEDBF159056} = {1619940C-EB3E-4FAA-A4BF-B6E6373D8EA7}
		{3938472E-1C31-4F6F-9E3B-7452ED3802B2} = {05DE1911-5D17-4310-91AA-DC2C76099620}
		{A8B3AEB3-94CD-457D-8A9E-DB75E1D0E588} = {9F945421-7A84-455D-BAAB-B1BFA7E84107}
		{32076338-6AFA-4283-8D4E-9C2334CAF4E3} = {9F945421-7A84-455D-BAAB-B1BFA7E84107}
		{67D9FFC3-A8F2-4C10-B807-BDE1A57C0CCF} = {9F945421-7A84-455D-BAAB-B1BFA7E84107}
		{D57F3F0D-B057-435A-A5F9-FC78D66F1C92} = {9F945421-7A84-455D-BAAB-B1BFA7E84107}
		{039833C7-9522-47F2-BC07-B2AB5204615E} = {9F945421-7A84-455D-BAAB-B1BFA7E84107}
		{0A07A9C3-CD30-485C-A2F1-322FC9CC4F9D} = {505D6C25-B940-47BA-9550-D4E62789287E}
	EndGlobalSection
	GlobalSection(ExtensibilityGlobals) = postSolution
		SolutionGuid = {FBF4BFE6-3874-45DC-8D8A-2B46970C5ECB}
	EndGlobalSection
EndGlobal
